// !$*UTF8*$!
{
	archiveVersion = 1;
	classes = {
	};
	objectVersion = 46;
	objects = {

/* Begin PBXAggregateTarget section */
		3A887B851D14F41D0041327D /* Cydia Package */ = {
			isa = PBXAggregateTarget;
			buildConfigurationList = 3A887B861D14F41D0041327D /* Build configuration list for PBXAggregateTarget "Cydia Package" */;
			buildPhases = (
				3A887B8C1D14F4280041327D /* ShellScript */,
			);
			dependencies = (
				3A887B8B1D14F4230041327D /* PBXTargetDependency */,
			);
			name = "Cydia Package";
			productName = "Cydia Package";
		};
		7471DCFA126F27A200CB0653 /* IPA */ = {
			isa = PBXAggregateTarget;
			buildConfigurationList = 7471DCFE126F27A400CB0653 /* Build configuration list for PBXAggregateTarget "IPA" */;
			buildPhases = (
				7471DD03126F27D300CB0653 /* ShellScript */,
			);
			dependencies = (
				AC00E8A418C4043D0084BBBA /* PBXTargetDependency */,
			);
			name = IPA;
			productName = IPA;
		};
/* End PBXAggregateTarget section */

/* Begin PBXBuildFile section */
		23ACED151D04F99A00B76404 /* Launch Screen.storyboard in Resources */ = {isa = PBXBuildFile; fileRef = 23ACED141D04F99A00B76404 /* Launch Screen.storyboard */; };
		3A1C03B01D0CE2AE005EB2A5 /* ALAlertBanner.m in Sources */ = {isa = PBXBuildFile; fileRef = 3A1C03AD1D0CE2AE005EB2A5 /* ALAlertBanner.m */; };
		3A1C03B11D0CE2AE005EB2A5 /* ALAlertBannerManager.m in Sources */ = {isa = PBXBuildFile; fileRef = 3A1C03AF1D0CE2AE005EB2A5 /* ALAlertBannerManager.m */; };
		3A7D2FB71D4D9CEE00876250 /* MoviePlayerImages.xcassets in Resources */ = {isa = PBXBuildFile; fileRef = 3A7D2FB61D4D9CEE00876250 /* MoviePlayerImages.xcassets */; };
		3A7D2FC21D4EB6C500876250 /* AudioPlayer.m in Sources */ = {isa = PBXBuildFile; fileRef = 3A7D2FBF1D4EB6C500876250 /* AudioPlayer.m */; };
		3A9337E41EBA7AF000921B07 /* play_icon.png in Resources */ = {isa = PBXBuildFile; fileRef = 3A9337E21EBA7AF000921B07 /* play_icon.png */; };
		3A9337E51EBA7AF000921B07 /* pause_icon.png in Resources */ = {isa = PBXBuildFile; fileRef = 3A9337E31EBA7AF000921B07 /* pause_icon.png */; };
		3AD57F7D1EB6F9BA00A86F91 /* web-back.png in Resources */ = {isa = PBXBuildFile; fileRef = 3AD57F7C1EB6F9BA00A86F91 /* web-back.png */; };
		3AD57F7F1EB7040300A86F91 /* web-close.png in Resources */ = {isa = PBXBuildFile; fileRef = 3AD57F7E1EB7040300A86F91 /* web-close.png */; };
		3AD57F811EB7B33400A86F91 /* Main_Storyboard.storyboard in Resources */ = {isa = PBXBuildFile; fileRef = 3AD57F801EB7B33400A86F91 /* Main_Storyboard.storyboard */; };
		3AE8C5BA1D14DB98006B78A3 /* phone.mp3 in Resources */ = {isa = PBXBuildFile; fileRef = 3AE8C5B91D14DB98006B78A3 /* phone.mp3 */; };
		770B53B022E5AC09007D889E /* FileListCell.swift in Sources */ = {isa = PBXBuildFile; fileRef = 770B53AF22E5AC09007D889E /* FileListCell.swift */; };
		770B53B222E5AFAC007D889E /* FlexibleLabelCell.swift in Sources */ = {isa = PBXBuildFile; fileRef = 770B53B122E5AFAC007D889E /* FlexibleLabelCell.swift */; };
		7785DE1222E1D52F00B1A41F /* TorrentViewController.swift in Sources */ = {isa = PBXBuildFile; fileRef = 7785DE1122E1D52F00B1A41F /* TorrentViewController.swift */; };
		7785DE1422E1DBE500B1A41F /* TorrentCell.swift in Sources */ = {isa = PBXBuildFile; fileRef = 7785DE1322E1DBE500B1A41F /* TorrentCell.swift */; };
		77A4AB9022E5A83E0094AA7D /* Colors.xcassets in Resources */ = {isa = PBXBuildFile; fileRef = 77A4AB8F22E5A83E0094AA7D /* Colors.xcassets */; };
		895A738F18D9CB6F00561CD6 /* NSDate+Helper.m in Sources */ = {isa = PBXBuildFile; fileRef = 895A731618D9CB6E00561CD6 /* NSDate+Helper.m */; };
		895A739018D9CB6F00561CD6 /* NSDictionaryAdditions.m in Sources */ = {isa = PBXBuildFile; fileRef = 895A731818D9CB6E00561CD6 /* NSDictionaryAdditions.m */; };
		895A739118D9CB6F00561CD6 /* NSString+RelativePath.m in Sources */ = {isa = PBXBuildFile; fileRef = 895A731A18D9CB6E00561CD6 /* NSString+RelativePath.m */; };
		895A739218D9CB6F00561CD6 /* NSStringAdditions.m in Sources */ = {isa = PBXBuildFile; fileRef = 895A731C18D9CB6E00561CD6 /* NSStringAdditions.m */; };
		895A739318D9CB6F00561CD6 /* TDBadgedCell.m in Sources */ = {isa = PBXBuildFile; fileRef = 895A731E18D9CB6E00561CD6 /* TDBadgedCell.m */; };
		895A739518D9CB6F00561CD6 /* TrackerCell.m in Sources */ = {isa = PBXBuildFile; fileRef = 895A732218D9CB6E00561CD6 /* TrackerCell.m */; };
		895A739618D9CB6F00561CD6 /* PDColoredProgressView.m in Sources */ = {isa = PBXBuildFile; fileRef = 895A732518D9CB6E00561CD6 /* PDColoredProgressView.m */; };
		895A739718D9CB6F00561CD6 /* BandwidthController.m in Sources */ = {isa = PBXBuildFile; fileRef = 895A732818D9CB6E00561CD6 /* BandwidthController.m */; };
		895A739818D9CB6F00561CD6 /* Controller.m in Sources */ = {isa = PBXBuildFile; fileRef = 895A732A18D9CB6E00561CD6 /* Controller.m */; };
		895A739918D9CB6F00561CD6 /* DetailViewController.m in Sources */ = {isa = PBXBuildFile; fileRef = 895A732C18D9CB6E00561CD6 /* DetailViewController.m */; };
		895A739A18D9CB6F00561CD6 /* FileListViewController.m in Sources */ = {isa = PBXBuildFile; fileRef = 895A732E18D9CB6E00561CD6 /* FileListViewController.m */; };
		895A739C18D9CB6F00561CD6 /* PrefViewController.m in Sources */ = {isa = PBXBuildFile; fileRef = 895A733218D9CB6E00561CD6 /* PrefViewController.m */; };
		895A739E18D9CB6F00561CD6 /* _TorrentViewController.m in Sources */ = {isa = PBXBuildFile; fileRef = 895A733618D9CB6E00561CD6 /* _TorrentViewController.m */; };
		895A739F18D9CB6F00561CD6 /* TrackersViewController.m in Sources */ = {isa = PBXBuildFile; fileRef = 895A733818D9CB6E00561CD6 /* TrackersViewController.m */; };
		895A73A518D9CB6F00561CD6 /* bannerAlert.png in Resources */ = {isa = PBXBuildFile; fileRef = 895A734618D9CB6E00561CD6 /* bannerAlert.png */; };
		895A73A618D9CB6F00561CD6 /* bannerAlert@2x.png in Resources */ = {isa = PBXBuildFile; fileRef = 895A734718D9CB6E00561CD6 /* bannerAlert@2x.png */; };
		895A73A718D9CB6F00561CD6 /* bannerFailure.png in Resources */ = {isa = PBXBuildFile; fileRef = 895A734818D9CB6E00561CD6 /* bannerFailure.png */; };
		895A73A818D9CB6F00561CD6 /* bannerFailure@2x.png in Resources */ = {isa = PBXBuildFile; fileRef = 895A734918D9CB6E00561CD6 /* bannerFailure@2x.png */; };
		895A73A918D9CB6F00561CD6 /* bannerNotify.png in Resources */ = {isa = PBXBuildFile; fileRef = 895A734A18D9CB6E00561CD6 /* bannerNotify.png */; };
		895A73AA18D9CB6F00561CD6 /* bannerNotify@2x.png in Resources */ = {isa = PBXBuildFile; fileRef = 895A734B18D9CB6E00561CD6 /* bannerNotify@2x.png */; };
		895A73AB18D9CB6F00561CD6 /* bannerSuccess.png in Resources */ = {isa = PBXBuildFile; fileRef = 895A734C18D9CB6E00561CD6 /* bannerSuccess.png */; };
		895A73AC18D9CB6F00561CD6 /* bannerSuccess@2x.png in Resources */ = {isa = PBXBuildFile; fileRef = 895A734D18D9CB6E00561CD6 /* bannerSuccess@2x.png */; };
		895A73AD18D9CB6F00561CD6 /* PortChecker.m in Sources */ = {isa = PBXBuildFile; fileRef = 895A735218D9CB6E00561CD6 /* PortChecker.m */; };
		895A73AE18D9CB6F00561CD6 /* Torrent.m in Sources */ = {isa = PBXBuildFile; fileRef = 895A735418D9CB6E00561CD6 /* Torrent.m */; };
		895A73AF18D9CB6F00561CD6 /* TorrentFetcher.m in Sources */ = {isa = PBXBuildFile; fileRef = 895A735618D9CB6E00561CD6 /* TorrentFetcher.m */; };
		895A73B018D9CB6F00561CD6 /* FileListNode.m in Sources */ = {isa = PBXBuildFile; fileRef = 895A735A18D9CB6E00561CD6 /* FileListNode.m */; };
		895A73B118D9CB6F00561CD6 /* TrackerNode.m in Sources */ = {isa = PBXBuildFile; fileRef = 895A735C18D9CB6E00561CD6 /* TrackerNode.m */; };
		895A73B418D9CB6F00561CD6 /* CheckboxControl.m in Sources */ = {isa = PBXBuildFile; fileRef = 895A736518D9CB6E00561CD6 /* CheckboxControl.m */; };
		895A73B518D9CB6F00561CD6 /* ClipboardLabel.m in Sources */ = {isa = PBXBuildFile; fileRef = 895A736718D9CB6E00561CD6 /* ClipboardLabel.m */; };
		895A73B618D9CB6F00561CD6 /* ControlButton.m in Sources */ = {isa = PBXBuildFile; fileRef = 895A736918D9CB6E00561CD6 /* ControlButton.m */; };
		895A73B718D9CB6F00561CD6 /* TransparentClickArea.m in Sources */ = {isa = PBXBuildFile; fileRef = 895A736B18D9CB6E00561CD6 /* TransparentClickArea.m */; };
		895A749218D9CB7E00561CD6 /* bandwidth-icon.png in Resources */ = {isa = PBXBuildFile; fileRef = 895A740518D9CB7E00561CD6 /* bandwidth-icon.png */; };
		895A749318D9CB7E00561CD6 /* bandwidth-icon@2x.png in Resources */ = {isa = PBXBuildFile; fileRef = 895A740618D9CB7E00561CD6 /* bandwidth-icon@2x.png */; };
		895A749418D9CB7E00561CD6 /* blackArrow.png in Resources */ = {isa = PBXBuildFile; fileRef = 895A740718D9CB7E00561CD6 /* blackArrow.png */; };
		895A749518D9CB7E00561CD6 /* blackArrow@2x.png in Resources */ = {isa = PBXBuildFile; fileRef = 895A740818D9CB7E00561CD6 /* blackArrow@2x.png */; };
		895A749618D9CB7E00561CD6 /* blueArrow.png in Resources */ = {isa = PBXBuildFile; fileRef = 895A740918D9CB7E00561CD6 /* blueArrow.png */; };
		895A749718D9CB7E00561CD6 /* blueArrow@2x.png in Resources */ = {isa = PBXBuildFile; fileRef = 895A740A18D9CB7E00561CD6 /* blueArrow@2x.png */; };
		895A749818D9CB7E00561CD6 /* cell-background.png in Resources */ = {isa = PBXBuildFile; fileRef = 895A740B18D9CB7E00561CD6 /* cell-background.png */; };
		895A749918D9CB7E00561CD6 /* checkbox_checked.png in Resources */ = {isa = PBXBuildFile; fileRef = 895A740C18D9CB7E00561CD6 /* checkbox_checked.png */; };
		895A749A18D9CB7E00561CD6 /* checkbox_unchecked.png in Resources */ = {isa = PBXBuildFile; fileRef = 895A740D18D9CB7E00561CD6 /* checkbox_unchecked.png */; };
		895A749B18D9CB7E00561CD6 /* donedown.png in Resources */ = {isa = PBXBuildFile; fileRef = 895A740E18D9CB7E00561CD6 /* donedown.png */; };
		895A749C18D9CB7E00561CD6 /* doneup.png in Resources */ = {isa = PBXBuildFile; fileRef = 895A740F18D9CB7E00561CD6 /* doneup.png */; };
		895A749D18D9CB7E00561CD6 /* down_arrow.png in Resources */ = {isa = PBXBuildFile; fileRef = 895A741018D9CB7E00561CD6 /* down_arrow.png */; };
		895A749E18D9CB7E00561CD6 /* FavIcon.png in Resources */ = {isa = PBXBuildFile; fileRef = 895A741118D9CB7E00561CD6 /* FavIcon.png */; };
		895A749F18D9CB7E00561CD6 /* FavIcon@2x.png in Resources */ = {isa = PBXBuildFile; fileRef = 895A741218D9CB7E00561CD6 /* FavIcon@2x.png */; };
		895A74A018D9CB7E00561CD6 /* gear-icon.png in Resources */ = {isa = PBXBuildFile; fileRef = 895A741318D9CB7E00561CD6 /* gear-icon.png */; };
		895A74A118D9CB7E00561CD6 /* gear-icon@2x.png in Resources */ = {isa = PBXBuildFile; fileRef = 895A741418D9CB7E00561CD6 /* gear-icon@2x.png */; };
		895A74A218D9CB7E00561CD6 /* grayArrow.png in Resources */ = {isa = PBXBuildFile; fileRef = 895A741518D9CB7E00561CD6 /* grayArrow.png */; };
		895A74A318D9CB7E00561CD6 /* grayArrow@2x.png in Resources */ = {isa = PBXBuildFile; fileRef = 895A741618D9CB7E00561CD6 /* grayArrow@2x.png */; };
		895A74A418D9CB7E00561CD6 /* GreenDot.png in Resources */ = {isa = PBXBuildFile; fileRef = 895A741718D9CB7E00561CD6 /* GreenDot.png */; };
		895A74A618D9CB7E00561CD6 /* play_icon-ios7@2x.png in Resources */ = {isa = PBXBuildFile; fileRef = 895A741918D9CB7E00561CD6 /* play_icon-ios7@2x.png */; };
		895A74A718D9CB7E00561CD6 /* question-mark.png in Resources */ = {isa = PBXBuildFile; fileRef = 895A741A18D9CB7E00561CD6 /* question-mark.png */; };
		895A74A818D9CB7E00561CD6 /* up-arrow.png in Resources */ = {isa = PBXBuildFile; fileRef = 895A741B18D9CB7E00561CD6 /* up-arrow.png */; };
		895A74A918D9CB7E00561CD6 /* whiteArrow.png in Resources */ = {isa = PBXBuildFile; fileRef = 895A741C18D9CB7E00561CD6 /* whiteArrow.png */; };
		895A74AA18D9CB7E00561CD6 /* whiteArrow@2x.png in Resources */ = {isa = PBXBuildFile; fileRef = 895A741D18D9CB7E00561CD6 /* whiteArrow@2x.png */; };
		895A74AB18D9CB7E00561CD6 /* YellowDot.png in Resources */ = {isa = PBXBuildFile; fileRef = 895A741E18D9CB7E00561CD6 /* YellowDot.png */; };
		895A74AC18D9CB7E00561CD6 /* magnet_ex in Resources */ = {isa = PBXBuildFile; fileRef = 895A742018D9CB7E00561CD6 /* magnet_ex */; };
		895A74AD18D9CB7E00561CD6 /* url_ex in Resources */ = {isa = PBXBuildFile; fileRef = 895A742118D9CB7E00561CD6 /* url_ex */; };
		895A74E218D9CB8500561CD6 /* main.m in Sources */ = {isa = PBXBuildFile; fileRef = 895A74E018D9CB8500561CD6 /* main.m */; };
		895A74F618D9CB8A00561CD6 /* FileListCell.xib in Resources */ = {isa = PBXBuildFile; fileRef = 895A74E518D9CB8A00561CD6 /* FileListCell.xib */; };
		895A74F718D9CB8A00561CD6 /* TorrentCell.xib in Resources */ = {isa = PBXBuildFile; fileRef = 895A74E618D9CB8A00561CD6 /* TorrentCell.xib */; };
		895A74F818D9CB8A00561CD6 /* TrackerCell.xib in Resources */ = {isa = PBXBuildFile; fileRef = 895A74E718D9CB8A00561CD6 /* TrackerCell.xib */; };
		895A750718D9CF9B00561CD6 /* Images.xcassets in Resources */ = {isa = PBXBuildFile; fileRef = 895A750618D9CF9B00561CD6 /* Images.xcassets */; };
/* End PBXBuildFile section */

/* Begin PBXContainerItemProxy section */
		3A887B8A1D14F4230041327D /* PBXContainerItemProxy */ = {
			isa = PBXContainerItemProxy;
			containerPortal = 29B97313FDCFA39411CA2CEA /* Project object */;
			proxyType = 1;
			remoteGlobalIDString = 8981243218884D2900DB955B;
			remoteInfo = iTransmission;
		};
		AC00E8A318C4043D0084BBBA /* PBXContainerItemProxy */ = {
			isa = PBXContainerItemProxy;
			containerPortal = 29B97313FDCFA39411CA2CEA /* Project object */;
			proxyType = 1;
			remoteGlobalIDString = 8981243218884D2900DB955B;
			remoteInfo = iTransmission;
		};
/* End PBXContainerItemProxy section */

/* Begin PBXFileReference section */
		23ACED141D04F99A00B76404 /* Launch Screen.storyboard */ = {isa = PBXFileReference; fileEncoding = 4; lastKnownFileType = file.storyboard; path = "Launch Screen.storyboard"; sourceTree = "<group>"; };
		3A1C03AB1D0CE2AE005EB2A5 /* ALAlertBanner+Private.h */ = {isa = PBXFileReference; fileEncoding = 4; lastKnownFileType = sourcecode.c.h; path = "ALAlertBanner+Private.h"; sourceTree = "<group>"; };
		3A1C03AC1D0CE2AE005EB2A5 /* ALAlertBanner.h */ = {isa = PBXFileReference; fileEncoding = 4; lastKnownFileType = sourcecode.c.h; path = ALAlertBanner.h; sourceTree = "<group>"; };
		3A1C03AD1D0CE2AE005EB2A5 /* ALAlertBanner.m */ = {isa = PBXFileReference; fileEncoding = 4; lastKnownFileType = sourcecode.c.objc; path = ALAlertBanner.m; sourceTree = "<group>"; };
		3A1C03AE1D0CE2AE005EB2A5 /* ALAlertBannerManager.h */ = {isa = PBXFileReference; fileEncoding = 4; lastKnownFileType = sourcecode.c.h; path = ALAlertBannerManager.h; sourceTree = "<group>"; };
		3A1C03AF1D0CE2AE005EB2A5 /* ALAlertBannerManager.m */ = {isa = PBXFileReference; fileEncoding = 4; lastKnownFileType = sourcecode.c.objc; path = ALAlertBannerManager.m; sourceTree = "<group>"; };
		3A3DCF911D150A8800F84299 /* postinst */ = {isa = PBXFileReference; fileEncoding = 4; lastKnownFileType = text.script.sh; name = postinst; path = DEBIAN/postinst; sourceTree = "<group>"; };
		3A7D2FB61D4D9CEE00876250 /* MoviePlayerImages.xcassets */ = {isa = PBXFileReference; lastKnownFileType = folder.assetcatalog; path = MoviePlayerImages.xcassets; sourceTree = "<group>"; };
		3A7D2FBE1D4EB6C500876250 /* AudioPlayer.h */ = {isa = PBXFileReference; fileEncoding = 4; lastKnownFileType = sourcecode.c.h; path = AudioPlayer.h; sourceTree = "<group>"; };
		3A7D2FBF1D4EB6C500876250 /* AudioPlayer.m */ = {isa = PBXFileReference; fileEncoding = 4; lastKnownFileType = sourcecode.c.objc; path = AudioPlayer.m; sourceTree = "<group>"; };
		3A887B8E1D14F5F70041327D /* control */ = {isa = PBXFileReference; fileEncoding = 4; lastKnownFileType = text; name = control; path = DEBIAN/control; sourceTree = "<group>"; };
		3A9337E21EBA7AF000921B07 /* play_icon.png */ = {isa = PBXFileReference; lastKnownFileType = image.png; path = play_icon.png; sourceTree = "<group>"; };
		3A9337E31EBA7AF000921B07 /* pause_icon.png */ = {isa = PBXFileReference; lastKnownFileType = image.png; path = pause_icon.png; sourceTree = "<group>"; };
		3AD57F7C1EB6F9BA00A86F91 /* web-back.png */ = {isa = PBXFileReference; lastKnownFileType = image.png; path = "web-back.png"; sourceTree = "<group>"; };
		3AD57F7E1EB7040300A86F91 /* web-close.png */ = {isa = PBXFileReference; lastKnownFileType = image.png; path = "web-close.png"; sourceTree = "<group>"; };
		3AD57F801EB7B33400A86F91 /* Main_Storyboard.storyboard */ = {isa = PBXFileReference; fileEncoding = 4; lastKnownFileType = file.storyboard; path = Main_Storyboard.storyboard; sourceTree = SOURCE_ROOT; };
		3AE8C5B91D14DB98006B78A3 /* phone.mp3 */ = {isa = PBXFileReference; lastKnownFileType = audio.mp3; path = phone.mp3; sourceTree = "<group>"; };
		770B53AF22E5AC09007D889E /* FileListCell.swift */ = {isa = PBXFileReference; lastKnownFileType = sourcecode.swift; name = FileListCell.swift; path = "../../../../../../../../System/Volumes/Data/Users/eltiren/Sources/torrents/iTransmission-4/Project/Source/Cells/FileListCell.swift"; sourceTree = "<group>"; };
		770B53B122E5AFAC007D889E /* FlexibleLabelCell.swift */ = {isa = PBXFileReference; lastKnownFileType = sourcecode.swift; name = FlexibleLabelCell.swift; path = "../../../../../../../../System/Volumes/Data/Users/eltiren/Sources/torrents/iTransmission-4/Project/Source/Cells/FlexibleLabelCell.swift"; sourceTree = "<group>"; };
		7785DE1022E1D52E00B1A41F /* iTransmission-Bridging-Header.h */ = {isa = PBXFileReference; lastKnownFileType = sourcecode.c.h; path = "iTransmission-Bridging-Header.h"; sourceTree = "<group>"; };
		7785DE1122E1D52F00B1A41F /* TorrentViewController.swift */ = {isa = PBXFileReference; lastKnownFileType = sourcecode.swift; name = TorrentViewController.swift; path = "../../../../../../../../System/Volumes/Data/Users/eltiren/Sources/torrents/iTransmission-4/Project/Source/Controllers/TorrentViewController.swift"; sourceTree = "<group>"; };
		7785DE1322E1DBE500B1A41F /* TorrentCell.swift */ = {isa = PBXFileReference; lastKnownFileType = sourcecode.swift; name = TorrentCell.swift; path = "../../../../../../../../System/Volumes/Data/Users/eltiren/Sources/torrents/iTransmission-4/Project/Source/Cells/TorrentCell.swift"; sourceTree = "<group>"; };
		77A4AB8F22E5A83E0094AA7D /* Colors.xcassets */ = {isa = PBXFileReference; lastKnownFileType = folder.assetcatalog; path = Colors.xcassets; sourceTree = "<group>"; };
		895A731518D9CB6E00561CD6 /* NSDate+Helper.h */ = {isa = PBXFileReference; fileEncoding = 4; lastKnownFileType = sourcecode.c.h; path = "NSDate+Helper.h"; sourceTree = "<group>"; };
		895A731618D9CB6E00561CD6 /* NSDate+Helper.m */ = {isa = PBXFileReference; fileEncoding = 4; lastKnownFileType = sourcecode.c.objc; path = "NSDate+Helper.m"; sourceTree = "<group>"; };
		895A731718D9CB6E00561CD6 /* NSDictionaryAdditions.h */ = {isa = PBXFileReference; fileEncoding = 4; lastKnownFileType = sourcecode.c.h; path = NSDictionaryAdditions.h; sourceTree = "<group>"; };
		895A731818D9CB6E00561CD6 /* NSDictionaryAdditions.m */ = {isa = PBXFileReference; fileEncoding = 4; lastKnownFileType = sourcecode.c.objc; path = NSDictionaryAdditions.m; sourceTree = "<group>"; };
		895A731918D9CB6E00561CD6 /* NSString+RelativePath.h */ = {isa = PBXFileReference; fileEncoding = 4; lastKnownFileType = sourcecode.c.h; path = "NSString+RelativePath.h"; sourceTree = "<group>"; };
		895A731A18D9CB6E00561CD6 /* NSString+RelativePath.m */ = {isa = PBXFileReference; fileEncoding = 4; lastKnownFileType = sourcecode.c.objc; path = "NSString+RelativePath.m"; sourceTree = "<group>"; };
		895A731B18D9CB6E00561CD6 /* NSStringAdditions.h */ = {isa = PBXFileReference; fileEncoding = 4; lastKnownFileType = sourcecode.c.h; path = NSStringAdditions.h; sourceTree = "<group>"; };
		895A731C18D9CB6E00561CD6 /* NSStringAdditions.m */ = {isa = PBXFileReference; fileEncoding = 4; lastKnownFileType = sourcecode.c.objc; path = NSStringAdditions.m; sourceTree = "<group>"; };
		895A731D18D9CB6E00561CD6 /* TDBadgedCell.h */ = {isa = PBXFileReference; fileEncoding = 4; lastKnownFileType = sourcecode.c.h; path = TDBadgedCell.h; sourceTree = "<group>"; };
		895A731E18D9CB6E00561CD6 /* TDBadgedCell.m */ = {isa = PBXFileReference; fileEncoding = 4; lastKnownFileType = sourcecode.c.objc; path = TDBadgedCell.m; sourceTree = "<group>"; };
		895A732118D9CB6E00561CD6 /* TrackerCell.h */ = {isa = PBXFileReference; fileEncoding = 4; lastKnownFileType = sourcecode.c.h; path = TrackerCell.h; sourceTree = "<group>"; };
		895A732218D9CB6E00561CD6 /* TrackerCell.m */ = {isa = PBXFileReference; fileEncoding = 4; lastKnownFileType = sourcecode.c.objc; path = TrackerCell.m; sourceTree = "<group>"; };
		895A732418D9CB6E00561CD6 /* PDColoredProgressView.h */ = {isa = PBXFileReference; fileEncoding = 4; lastKnownFileType = sourcecode.c.h; path = PDColoredProgressView.h; sourceTree = "<group>"; };
		895A732518D9CB6E00561CD6 /* PDColoredProgressView.m */ = {isa = PBXFileReference; fileEncoding = 4; lastKnownFileType = sourcecode.c.objc; path = PDColoredProgressView.m; sourceTree = "<group>"; };
		895A732718D9CB6E00561CD6 /* BandwidthController.h */ = {isa = PBXFileReference; fileEncoding = 4; lastKnownFileType = sourcecode.c.h; path = BandwidthController.h; sourceTree = "<group>"; };
		895A732818D9CB6E00561CD6 /* BandwidthController.m */ = {isa = PBXFileReference; fileEncoding = 4; lastKnownFileType = sourcecode.c.objc; path = BandwidthController.m; sourceTree = "<group>"; };
		895A732918D9CB6E00561CD6 /* Controller.h */ = {isa = PBXFileReference; fileEncoding = 4; lastKnownFileType = sourcecode.c.h; path = Controller.h; sourceTree = "<group>"; };
		895A732A18D9CB6E00561CD6 /* Controller.m */ = {isa = PBXFileReference; fileEncoding = 4; lastKnownFileType = sourcecode.c.objc; path = Controller.m; sourceTree = "<group>"; };
		895A732B18D9CB6E00561CD6 /* DetailViewController.h */ = {isa = PBXFileReference; fileEncoding = 4; lastKnownFileType = sourcecode.c.h; path = DetailViewController.h; sourceTree = "<group>"; };
		895A732C18D9CB6E00561CD6 /* DetailViewController.m */ = {isa = PBXFileReference; fileEncoding = 4; lastKnownFileType = sourcecode.c.objc; path = DetailViewController.m; sourceTree = "<group>"; };
		895A732D18D9CB6E00561CD6 /* FileListViewController.h */ = {isa = PBXFileReference; fileEncoding = 4; lastKnownFileType = sourcecode.c.h; path = FileListViewController.h; sourceTree = "<group>"; };
		895A732E18D9CB6E00561CD6 /* FileListViewController.m */ = {isa = PBXFileReference; fileEncoding = 4; lastKnownFileType = sourcecode.c.objc; path = FileListViewController.m; sourceTree = "<group>"; };
		895A733118D9CB6E00561CD6 /* PrefViewController.h */ = {isa = PBXFileReference; fileEncoding = 4; lastKnownFileType = sourcecode.c.h; path = PrefViewController.h; sourceTree = "<group>"; };
		895A733218D9CB6E00561CD6 /* PrefViewController.m */ = {isa = PBXFileReference; fileEncoding = 4; lastKnownFileType = sourcecode.c.objc; path = PrefViewController.m; sourceTree = "<group>"; };
		895A733518D9CB6E00561CD6 /* _TorrentViewController.h */ = {isa = PBXFileReference; fileEncoding = 4; lastKnownFileType = sourcecode.c.h; path = _TorrentViewController.h; sourceTree = "<group>"; };
		895A733618D9CB6E00561CD6 /* _TorrentViewController.m */ = {isa = PBXFileReference; fileEncoding = 4; lastKnownFileType = sourcecode.c.objc; path = _TorrentViewController.m; sourceTree = "<group>"; };
		895A733718D9CB6E00561CD6 /* TrackersViewController.h */ = {isa = PBXFileReference; fileEncoding = 4; lastKnownFileType = sourcecode.c.h; path = TrackersViewController.h; sourceTree = "<group>"; };
		895A733818D9CB6E00561CD6 /* TrackersViewController.m */ = {isa = PBXFileReference; fileEncoding = 4; lastKnownFileType = sourcecode.c.objc; path = TrackersViewController.m; sourceTree = "<group>"; };
		895A734618D9CB6E00561CD6 /* bannerAlert.png */ = {isa = PBXFileReference; lastKnownFileType = image.png; path = bannerAlert.png; sourceTree = "<group>"; };
		895A734718D9CB6E00561CD6 /* bannerAlert@2x.png */ = {isa = PBXFileReference; lastKnownFileType = image.png; path = "bannerAlert@2x.png"; sourceTree = "<group>"; };
		895A734818D9CB6E00561CD6 /* bannerFailure.png */ = {isa = PBXFileReference; lastKnownFileType = image.png; path = bannerFailure.png; sourceTree = "<group>"; };
		895A734918D9CB6E00561CD6 /* bannerFailure@2x.png */ = {isa = PBXFileReference; lastKnownFileType = image.png; path = "bannerFailure@2x.png"; sourceTree = "<group>"; };
		895A734A18D9CB6E00561CD6 /* bannerNotify.png */ = {isa = PBXFileReference; lastKnownFileType = image.png; path = bannerNotify.png; sourceTree = "<group>"; };
		895A734B18D9CB6E00561CD6 /* bannerNotify@2x.png */ = {isa = PBXFileReference; lastKnownFileType = image.png; path = "bannerNotify@2x.png"; sourceTree = "<group>"; };
		895A734C18D9CB6E00561CD6 /* bannerSuccess.png */ = {isa = PBXFileReference; lastKnownFileType = image.png; path = bannerSuccess.png; sourceTree = "<group>"; };
		895A734D18D9CB6E00561CD6 /* bannerSuccess@2x.png */ = {isa = PBXFileReference; lastKnownFileType = image.png; path = "bannerSuccess@2x.png"; sourceTree = "<group>"; };
		895A735018D9CB6E00561CD6 /* Notifications.h */ = {isa = PBXFileReference; fileEncoding = 4; lastKnownFileType = sourcecode.c.h; path = Notifications.h; sourceTree = "<group>"; };
		895A735118D9CB6E00561CD6 /* PortChecker.h */ = {isa = PBXFileReference; fileEncoding = 4; lastKnownFileType = sourcecode.c.h; path = PortChecker.h; sourceTree = "<group>"; };
		895A735218D9CB6E00561CD6 /* PortChecker.m */ = {isa = PBXFileReference; fileEncoding = 4; lastKnownFileType = sourcecode.c.objc; path = PortChecker.m; sourceTree = "<group>"; };
		895A735318D9CB6E00561CD6 /* Torrent.h */ = {isa = PBXFileReference; fileEncoding = 4; lastKnownFileType = sourcecode.c.h; path = Torrent.h; sourceTree = "<group>"; };
		895A735418D9CB6E00561CD6 /* Torrent.m */ = {isa = PBXFileReference; fileEncoding = 4; lastKnownFileType = sourcecode.c.objc; path = Torrent.m; sourceTree = "<group>"; };
		895A735518D9CB6E00561CD6 /* TorrentFetcher.h */ = {isa = PBXFileReference; fileEncoding = 4; lastKnownFileType = sourcecode.c.h; path = TorrentFetcher.h; sourceTree = "<group>"; };
		895A735618D9CB6E00561CD6 /* TorrentFetcher.m */ = {isa = PBXFileReference; fileEncoding = 4; lastKnownFileType = sourcecode.c.objc; path = TorrentFetcher.m; sourceTree = "<group>"; };
		895A735718D9CB6E00561CD6 /* UIAlertViewPrivate.h */ = {isa = PBXFileReference; fileEncoding = 4; lastKnownFileType = sourcecode.c.h; path = UIAlertViewPrivate.h; sourceTree = "<group>"; };
		895A735918D9CB6E00561CD6 /* FileListNode.h */ = {isa = PBXFileReference; fileEncoding = 4; lastKnownFileType = sourcecode.c.h; path = FileListNode.h; sourceTree = "<group>"; };
		895A735A18D9CB6E00561CD6 /* FileListNode.m */ = {isa = PBXFileReference; fileEncoding = 4; lastKnownFileType = sourcecode.c.objc; path = FileListNode.m; sourceTree = "<group>"; };
		895A735B18D9CB6E00561CD6 /* TrackerNode.h */ = {isa = PBXFileReference; fileEncoding = 4; lastKnownFileType = sourcecode.c.h; path = TrackerNode.h; sourceTree = "<group>"; };
		895A735C18D9CB6E00561CD6 /* TrackerNode.m */ = {isa = PBXFileReference; fileEncoding = 4; lastKnownFileType = sourcecode.c.objc; path = TrackerNode.m; sourceTree = "<group>"; };
		895A736418D9CB6E00561CD6 /* CheckboxControl.h */ = {isa = PBXFileReference; fileEncoding = 4; lastKnownFileType = sourcecode.c.h; path = CheckboxControl.h; sourceTree = "<group>"; };
		895A736518D9CB6E00561CD6 /* CheckboxControl.m */ = {isa = PBXFileReference; fileEncoding = 4; lastKnownFileType = sourcecode.c.objc; path = CheckboxControl.m; sourceTree = "<group>"; };
		895A736618D9CB6E00561CD6 /* ClipboardLabel.h */ = {isa = PBXFileReference; fileEncoding = 4; lastKnownFileType = sourcecode.c.h; path = ClipboardLabel.h; sourceTree = "<group>"; };
		895A736718D9CB6E00561CD6 /* ClipboardLabel.m */ = {isa = PBXFileReference; fileEncoding = 4; lastKnownFileType = sourcecode.c.objc; path = ClipboardLabel.m; sourceTree = "<group>"; };
		895A736818D9CB6E00561CD6 /* ControlButton.h */ = {isa = PBXFileReference; fileEncoding = 4; lastKnownFileType = sourcecode.c.h; path = ControlButton.h; sourceTree = "<group>"; };
		895A736918D9CB6E00561CD6 /* ControlButton.m */ = {isa = PBXFileReference; fileEncoding = 4; lastKnownFileType = sourcecode.c.objc; path = ControlButton.m; sourceTree = "<group>"; };
		895A736A18D9CB6E00561CD6 /* TransparentClickArea.h */ = {isa = PBXFileReference; fileEncoding = 4; lastKnownFileType = sourcecode.c.h; path = TransparentClickArea.h; sourceTree = "<group>"; };
		895A736B18D9CB6E00561CD6 /* TransparentClickArea.m */ = {isa = PBXFileReference; fileEncoding = 4; lastKnownFileType = sourcecode.c.objc; path = TransparentClickArea.m; sourceTree = "<group>"; };
		895A740518D9CB7E00561CD6 /* bandwidth-icon.png */ = {isa = PBXFileReference; lastKnownFileType = image.png; path = "bandwidth-icon.png"; sourceTree = "<group>"; };
		895A740618D9CB7E00561CD6 /* bandwidth-icon@2x.png */ = {isa = PBXFileReference; lastKnownFileType = image.png; path = "bandwidth-icon@2x.png"; sourceTree = "<group>"; };
		895A740718D9CB7E00561CD6 /* blackArrow.png */ = {isa = PBXFileReference; lastKnownFileType = image.png; path = blackArrow.png; sourceTree = "<group>"; };
		895A740818D9CB7E00561CD6 /* blackArrow@2x.png */ = {isa = PBXFileReference; lastKnownFileType = image.png; path = "blackArrow@2x.png"; sourceTree = "<group>"; };
		895A740918D9CB7E00561CD6 /* blueArrow.png */ = {isa = PBXFileReference; lastKnownFileType = image.png; path = blueArrow.png; sourceTree = "<group>"; };
		895A740A18D9CB7E00561CD6 /* blueArrow@2x.png */ = {isa = PBXFileReference; lastKnownFileType = image.png; path = "blueArrow@2x.png"; sourceTree = "<group>"; };
		895A740B18D9CB7E00561CD6 /* cell-background.png */ = {isa = PBXFileReference; lastKnownFileType = image.png; path = "cell-background.png"; sourceTree = "<group>"; };
		895A740C18D9CB7E00561CD6 /* checkbox_checked.png */ = {isa = PBXFileReference; lastKnownFileType = image.png; path = checkbox_checked.png; sourceTree = "<group>"; };
		895A740D18D9CB7E00561CD6 /* checkbox_unchecked.png */ = {isa = PBXFileReference; lastKnownFileType = image.png; path = checkbox_unchecked.png; sourceTree = "<group>"; };
		895A740E18D9CB7E00561CD6 /* donedown.png */ = {isa = PBXFileReference; lastKnownFileType = image.png; path = donedown.png; sourceTree = "<group>"; };
		895A740F18D9CB7E00561CD6 /* doneup.png */ = {isa = PBXFileReference; lastKnownFileType = image.png; path = doneup.png; sourceTree = "<group>"; };
		895A741018D9CB7E00561CD6 /* down_arrow.png */ = {isa = PBXFileReference; lastKnownFileType = image.png; path = down_arrow.png; sourceTree = "<group>"; };
		895A741118D9CB7E00561CD6 /* FavIcon.png */ = {isa = PBXFileReference; lastKnownFileType = image.png; path = FavIcon.png; sourceTree = "<group>"; };
		895A741218D9CB7E00561CD6 /* FavIcon@2x.png */ = {isa = PBXFileReference; lastKnownFileType = image.png; path = "FavIcon@2x.png"; sourceTree = "<group>"; };
		895A741318D9CB7E00561CD6 /* gear-icon.png */ = {isa = PBXFileReference; lastKnownFileType = image.png; path = "gear-icon.png"; sourceTree = "<group>"; };
		895A741418D9CB7E00561CD6 /* gear-icon@2x.png */ = {isa = PBXFileReference; lastKnownFileType = image.png; path = "gear-icon@2x.png"; sourceTree = "<group>"; };
		895A741518D9CB7E00561CD6 /* grayArrow.png */ = {isa = PBXFileReference; lastKnownFileType = image.png; path = grayArrow.png; sourceTree = "<group>"; };
		895A741618D9CB7E00561CD6 /* grayArrow@2x.png */ = {isa = PBXFileReference; lastKnownFileType = image.png; path = "grayArrow@2x.png"; sourceTree = "<group>"; };
		895A741718D9CB7E00561CD6 /* GreenDot.png */ = {isa = PBXFileReference; lastKnownFileType = image.png; path = GreenDot.png; sourceTree = "<group>"; };
		895A741918D9CB7E00561CD6 /* play_icon-ios7@2x.png */ = {isa = PBXFileReference; lastKnownFileType = image.png; path = "play_icon-ios7@2x.png"; sourceTree = "<group>"; };
		895A741A18D9CB7E00561CD6 /* question-mark.png */ = {isa = PBXFileReference; lastKnownFileType = image.png; path = "question-mark.png"; sourceTree = "<group>"; };
		895A741B18D9CB7E00561CD6 /* up-arrow.png */ = {isa = PBXFileReference; lastKnownFileType = image.png; path = "up-arrow.png"; sourceTree = "<group>"; };
		895A741C18D9CB7E00561CD6 /* whiteArrow.png */ = {isa = PBXFileReference; lastKnownFileType = image.png; path = whiteArrow.png; sourceTree = "<group>"; };
		895A741D18D9CB7E00561CD6 /* whiteArrow@2x.png */ = {isa = PBXFileReference; lastKnownFileType = image.png; path = "whiteArrow@2x.png"; sourceTree = "<group>"; };
		895A741E18D9CB7E00561CD6 /* YellowDot.png */ = {isa = PBXFileReference; lastKnownFileType = image.png; path = YellowDot.png; sourceTree = "<group>"; };
		895A742018D9CB7E00561CD6 /* magnet_ex */ = {isa = PBXFileReference; fileEncoding = 4; lastKnownFileType = text; path = magnet_ex; sourceTree = "<group>"; };
		895A742118D9CB7E00561CD6 /* url_ex */ = {isa = PBXFileReference; fileEncoding = 4; lastKnownFileType = text; path = url_ex; sourceTree = "<group>"; };
		895A74DE18D9CB8500561CD6 /* iTransmission-Info.plist */ = {isa = PBXFileReference; fileEncoding = 4; lastKnownFileType = text.plist.xml; path = "iTransmission-Info.plist"; sourceTree = "<group>"; };
		895A74E018D9CB8500561CD6 /* main.m */ = {isa = PBXFileReference; fileEncoding = 4; lastKnownFileType = sourcecode.c.objc; path = main.m; sourceTree = "<group>"; };
		895A74E518D9CB8A00561CD6 /* FileListCell.xib */ = {isa = PBXFileReference; fileEncoding = 4; lastKnownFileType = file.xib; path = FileListCell.xib; sourceTree = "<group>"; };
		895A74E618D9CB8A00561CD6 /* TorrentCell.xib */ = {isa = PBXFileReference; fileEncoding = 4; lastKnownFileType = file.xib; path = TorrentCell.xib; sourceTree = "<group>"; };
		895A74E718D9CB8A00561CD6 /* TrackerCell.xib */ = {isa = PBXFileReference; fileEncoding = 4; lastKnownFileType = file.xib; path = TrackerCell.xib; sourceTree = "<group>"; };
		895A750618D9CF9B00561CD6 /* Images.xcassets */ = {isa = PBXFileReference; lastKnownFileType = folder.assetcatalog; path = Images.xcassets; sourceTree = "<group>"; };
		895A750818D9D4EF00561CD6 /* license.txt */ = {isa = PBXFileReference; fileEncoding = 4; lastKnownFileType = text; path = license.txt; sourceTree = "<group>"; };
		898124BA18884D2900DB955B /* iTransmission.app */ = {isa = PBXFileReference; explicitFileType = wrapper.application; includeInIndex = 0; path = iTransmission.app; sourceTree = BUILT_PRODUCTS_DIR; };
/* End PBXFileReference section */

/* Begin PBXGroup section */
		19C28FACFE9D520D11CA2CBB /* Products */ = {
			isa = PBXGroup;
			children = (
				898124BA18884D2900DB955B /* iTransmission.app */,
			);
			name = Products;
			sourceTree = "<group>";
		};
		29B97314FDCFA39411CA2CEA /* CustomTemplate */ = {
			isa = PBXGroup;
			children = (
				3AD57F801EB7B33400A86F91 /* Main_Storyboard.storyboard */,
				3A887B8D1D14F5D30041327D /* DEBIAN */,
				895A74E318D9CB8900561CD6 /* Nibs */,
				895A73C518D9CB7D00561CD6 /* Resources */,
				895A74DD18D9CB8500561CD6 /* Other Sources */,
				895A730618D9CB6E00561CD6 /* Source */,
				19C28FACFE9D520D11CA2CBB /* Products */,
			);
			name = CustomTemplate;
			sourceTree = "<group>";
		};
		3A1C03AA1D0CE2AE005EB2A5 /* ALAlertBanner */ = {
			isa = PBXGroup;
			children = (
				3A1C03AB1D0CE2AE005EB2A5 /* ALAlertBanner+Private.h */,
				3A1C03AC1D0CE2AE005EB2A5 /* ALAlertBanner.h */,
				3A1C03AD1D0CE2AE005EB2A5 /* ALAlertBanner.m */,
				3A1C03AE1D0CE2AE005EB2A5 /* ALAlertBannerManager.h */,
				3A1C03AF1D0CE2AE005EB2A5 /* ALAlertBannerManager.m */,
			);
			path = ALAlertBanner;
			sourceTree = "<group>";
		};
		3A887B8D1D14F5D30041327D /* DEBIAN */ = {
			isa = PBXGroup;
			children = (
				3A3DCF911D150A8800F84299 /* postinst */,
				3A887B8E1D14F5F70041327D /* control */,
			);
			name = DEBIAN;
			sourceTree = "<group>";
		};
		895A730618D9CB6E00561CD6 /* Source */ = {
			isa = PBXGroup;
			children = (
				3A1C03AA1D0CE2AE005EB2A5 /* ALAlertBanner */,
				895A730D18D9CB6E00561CD6 /* Cells */,
				895A732318D9CB6E00561CD6 /* ColoredProgress */,
				895A732618D9CB6E00561CD6 /* Controllers */,
				895A734518D9CB6E00561CD6 /* Images */,
				895A734E18D9CB6E00561CD6 /* Miscallaneous */,
				895A735818D9CB6E00561CD6 /* Nodes */,
				895A736318D9CB6E00561CD6 /* UI Components */,
			);
			path = Source;
			sourceTree = "<group>";
		};
		895A730D18D9CB6E00561CD6 /* Cells */ = {
			isa = PBXGroup;
			children = (
				770B53AF22E5AC09007D889E /* FileListCell.swift */,
				770B53B122E5AFAC007D889E /* FlexibleLabelCell.swift */,
				895A731418D9CB6E00561CD6 /* Helpers+Additions */,
				895A731D18D9CB6E00561CD6 /* TDBadgedCell.h */,
				895A731E18D9CB6E00561CD6 /* TDBadgedCell.m */,
				7785DE1322E1DBE500B1A41F /* TorrentCell.swift */,
				895A732118D9CB6E00561CD6 /* TrackerCell.h */,
				895A732218D9CB6E00561CD6 /* TrackerCell.m */,
			);
			path = Cells;
			sourceTree = "<group>";
		};
		895A731418D9CB6E00561CD6 /* Helpers+Additions */ = {
			isa = PBXGroup;
			children = (
				895A731518D9CB6E00561CD6 /* NSDate+Helper.h */,
				895A731618D9CB6E00561CD6 /* NSDate+Helper.m */,
				895A731718D9CB6E00561CD6 /* NSDictionaryAdditions.h */,
				895A731818D9CB6E00561CD6 /* NSDictionaryAdditions.m */,
				895A731918D9CB6E00561CD6 /* NSString+RelativePath.h */,
				895A731A18D9CB6E00561CD6 /* NSString+RelativePath.m */,
				895A731B18D9CB6E00561CD6 /* NSStringAdditions.h */,
				895A731C18D9CB6E00561CD6 /* NSStringAdditions.m */,
			);
			path = "Helpers+Additions";
			sourceTree = "<group>";
		};
		895A732318D9CB6E00561CD6 /* ColoredProgress */ = {
			isa = PBXGroup;
			children = (
				895A732418D9CB6E00561CD6 /* PDColoredProgressView.h */,
				895A732518D9CB6E00561CD6 /* PDColoredProgressView.m */,
			);
			path = ColoredProgress;
			sourceTree = "<group>";
		};
		895A732618D9CB6E00561CD6 /* Controllers */ = {
			isa = PBXGroup;
			children = (
				895A732718D9CB6E00561CD6 /* BandwidthController.h */,
				895A732818D9CB6E00561CD6 /* BandwidthController.m */,
				895A732918D9CB6E00561CD6 /* Controller.h */,
				895A732A18D9CB6E00561CD6 /* Controller.m */,
				895A732B18D9CB6E00561CD6 /* DetailViewController.h */,
				895A732C18D9CB6E00561CD6 /* DetailViewController.m */,
				895A732D18D9CB6E00561CD6 /* FileListViewController.h */,
				895A732E18D9CB6E00561CD6 /* FileListViewController.m */,
				895A733118D9CB6E00561CD6 /* PrefViewController.h */,
				895A733218D9CB6E00561CD6 /* PrefViewController.m */,
				895A733518D9CB6E00561CD6 /* _TorrentViewController.h */,
				895A733618D9CB6E00561CD6 /* _TorrentViewController.m */,
				7785DE1122E1D52F00B1A41F /* TorrentViewController.swift */,
				895A733718D9CB6E00561CD6 /* TrackersViewController.h */,
				895A733818D9CB6E00561CD6 /* TrackersViewController.m */,
				3A7D2FBE1D4EB6C500876250 /* AudioPlayer.h */,
				3A7D2FBF1D4EB6C500876250 /* AudioPlayer.m */,
				7785DE1022E1D52E00B1A41F /* iTransmission-Bridging-Header.h */,
			);
			path = Controllers;
			sourceTree = "<group>";
		};
		895A734518D9CB6E00561CD6 /* Images */ = {
			isa = PBXGroup;
			children = (
				895A734618D9CB6E00561CD6 /* bannerAlert.png */,
				895A734718D9CB6E00561CD6 /* bannerAlert@2x.png */,
				895A734818D9CB6E00561CD6 /* bannerFailure.png */,
				895A734918D9CB6E00561CD6 /* bannerFailure@2x.png */,
				895A734A18D9CB6E00561CD6 /* bannerNotify.png */,
				895A734B18D9CB6E00561CD6 /* bannerNotify@2x.png */,
				895A734C18D9CB6E00561CD6 /* bannerSuccess.png */,
				895A734D18D9CB6E00561CD6 /* bannerSuccess@2x.png */,
			);
			path = Images;
			sourceTree = "<group>";
		};
		895A734E18D9CB6E00561CD6 /* Miscallaneous */ = {
			isa = PBXGroup;
			children = (
				895A735018D9CB6E00561CD6 /* Notifications.h */,
				895A735118D9CB6E00561CD6 /* PortChecker.h */,
				895A735218D9CB6E00561CD6 /* PortChecker.m */,
				895A735318D9CB6E00561CD6 /* Torrent.h */,
				895A735418D9CB6E00561CD6 /* Torrent.m */,
				895A735518D9CB6E00561CD6 /* TorrentFetcher.h */,
				895A735618D9CB6E00561CD6 /* TorrentFetcher.m */,
				895A735718D9CB6E00561CD6 /* UIAlertViewPrivate.h */,
			);
			path = Miscallaneous;
			sourceTree = "<group>";
		};
		895A735818D9CB6E00561CD6 /* Nodes */ = {
			isa = PBXGroup;
			children = (
				895A735918D9CB6E00561CD6 /* FileListNode.h */,
				895A735A18D9CB6E00561CD6 /* FileListNode.m */,
				895A735B18D9CB6E00561CD6 /* TrackerNode.h */,
				895A735C18D9CB6E00561CD6 /* TrackerNode.m */,
			);
			path = Nodes;
			sourceTree = "<group>";
		};
		895A736318D9CB6E00561CD6 /* UI Components */ = {
			isa = PBXGroup;
			children = (
				895A736418D9CB6E00561CD6 /* CheckboxControl.h */,
				895A736518D9CB6E00561CD6 /* CheckboxControl.m */,
				895A736618D9CB6E00561CD6 /* ClipboardLabel.h */,
				895A736718D9CB6E00561CD6 /* ClipboardLabel.m */,
				895A736818D9CB6E00561CD6 /* ControlButton.h */,
				895A736918D9CB6E00561CD6 /* ControlButton.m */,
				895A736A18D9CB6E00561CD6 /* TransparentClickArea.h */,
				895A736B18D9CB6E00561CD6 /* TransparentClickArea.m */,
			);
			path = "UI Components";
			sourceTree = "<group>";
		};
		895A73C518D9CB7D00561CD6 /* Resources */ = {
			isa = PBXGroup;
			children = (
				3A7D2FB61D4D9CEE00876250 /* MoviePlayerImages.xcassets */,
				3AE8C5B91D14DB98006B78A3 /* phone.mp3 */,
				895A740418D9CB7E00561CD6 /* Photo Components */,
				895A741F18D9CB7E00561CD6 /* Regex */,
				895A750618D9CF9B00561CD6 /* Images.xcassets */,
				77A4AB8F22E5A83E0094AA7D /* Colors.xcassets */,
				895A750818D9D4EF00561CD6 /* license.txt */,
			);
			path = Resources;
			sourceTree = "<group>";
		};
		895A740418D9CB7E00561CD6 /* Photo Components */ = {
			isa = PBXGroup;
			children = (
				3A9337E21EBA7AF000921B07 /* play_icon.png */,
				3A9337E31EBA7AF000921B07 /* pause_icon.png */,
				3AD57F7E1EB7040300A86F91 /* web-close.png */,
				3AD57F7C1EB6F9BA00A86F91 /* web-back.png */,
				895A740518D9CB7E00561CD6 /* bandwidth-icon.png */,
				895A740618D9CB7E00561CD6 /* bandwidth-icon@2x.png */,
				895A740718D9CB7E00561CD6 /* blackArrow.png */,
				895A740818D9CB7E00561CD6 /* blackArrow@2x.png */,
				895A740918D9CB7E00561CD6 /* blueArrow.png */,
				895A740A18D9CB7E00561CD6 /* blueArrow@2x.png */,
				895A740B18D9CB7E00561CD6 /* cell-background.png */,
				895A740C18D9CB7E00561CD6 /* checkbox_checked.png */,
				895A740D18D9CB7E00561CD6 /* checkbox_unchecked.png */,
				895A740E18D9CB7E00561CD6 /* donedown.png */,
				895A740F18D9CB7E00561CD6 /* doneup.png */,
				895A741018D9CB7E00561CD6 /* down_arrow.png */,
				895A741118D9CB7E00561CD6 /* FavIcon.png */,
				895A741218D9CB7E00561CD6 /* FavIcon@2x.png */,
				895A741318D9CB7E00561CD6 /* gear-icon.png */,
				895A741418D9CB7E00561CD6 /* gear-icon@2x.png */,
				895A741518D9CB7E00561CD6 /* grayArrow.png */,
				895A741618D9CB7E00561CD6 /* grayArrow@2x.png */,
				895A741718D9CB7E00561CD6 /* GreenDot.png */,
				895A741918D9CB7E00561CD6 /* play_icon-ios7@2x.png */,
				895A741A18D9CB7E00561CD6 /* question-mark.png */,
				895A741B18D9CB7E00561CD6 /* up-arrow.png */,
				895A741C18D9CB7E00561CD6 /* whiteArrow.png */,
				895A741D18D9CB7E00561CD6 /* whiteArrow@2x.png */,
				895A741E18D9CB7E00561CD6 /* YellowDot.png */,
			);
			path = "Photo Components";
			sourceTree = "<group>";
		};
		895A741F18D9CB7E00561CD6 /* Regex */ = {
			isa = PBXGroup;
			children = (
				895A742018D9CB7E00561CD6 /* magnet_ex */,
				895A742118D9CB7E00561CD6 /* url_ex */,
			);
			path = Regex;
			sourceTree = "<group>";
		};
		895A74DD18D9CB8500561CD6 /* Other Sources */ = {
			isa = PBXGroup;
			children = (
				895A74DE18D9CB8500561CD6 /* iTransmission-Info.plist */,
				895A74E018D9CB8500561CD6 /* main.m */,
			);
			path = "Other Sources";
			sourceTree = "<group>";
		};
		895A74E318D9CB8900561CD6 /* Nibs */ = {
			isa = PBXGroup;
			children = (
				895A74E418D9CB8A00561CD6 /* Cells */,
				23ACED141D04F99A00B76404 /* Launch Screen.storyboard */,
			);
			path = Nibs;
			sourceTree = "<group>";
		};
		895A74E418D9CB8A00561CD6 /* Cells */ = {
			isa = PBXGroup;
			children = (
				895A74E518D9CB8A00561CD6 /* FileListCell.xib */,
				895A74E618D9CB8A00561CD6 /* TorrentCell.xib */,
				895A74E718D9CB8A00561CD6 /* TrackerCell.xib */,
			);
			path = Cells;
			sourceTree = "<group>";
		};
/* End PBXGroup section */

/* Begin PBXNativeTarget section */
		8981243218884D2900DB955B /* iTransmission */ = {
			isa = PBXNativeTarget;
			buildConfigurationList = 898124B618884D2900DB955B /* Build configuration list for PBXNativeTarget "iTransmission" */;
			buildPhases = (
				8981243318884D2900DB955B /* Resources */,
				8981246E18884D2900DB955B /* Sources */,
			);
			buildRules = (
			);
			dependencies = (
			);
			name = iTransmission;
			productName = iTransmission;
			productReference = 898124BA18884D2900DB955B /* iTransmission.app */;
			productType = "com.apple.product-type.application";
		};
/* End PBXNativeTarget section */

/* Begin PBXProject section */
		29B97313FDCFA39411CA2CEA /* Project object */ = {
			isa = PBXProject;
			attributes = {
				LastUpgradeCheck = 1000;
				TargetAttributes = {
					3A887B851D14F41D0041327D = {
						CreatedOnToolsVersion = 7.3.1;
					};
					8981243218884D2900DB955B = {
						DevelopmentTeam = F3L83SFX87;
						LastSwiftMigration = 1100;
						ProvisioningStyle = Automatic;
						SystemCapabilities = {
							com.apple.BackgroundModes = {
								enabled = 1;
							};
						};
					};
				};
			};
			buildConfigurationList = C01FCF4E08A954540054247B /* Build configuration list for PBXProject "iTransmission" */;
			compatibilityVersion = "Xcode 3.2";
			developmentRegion = English;
			hasScannedForEncodings = 1;
			knownRegions = (
				English,
				Japanese,
				French,
				German,
				da,
				en,
				"es-ES",
				es,
				fr,
				ja,
				"zh-Hans",
				"zh-Hant",
				Base,
			);
			mainGroup = 29B97314FDCFA39411CA2CEA /* CustomTemplate */;
			productRefGroup = 19C28FACFE9D520D11CA2CBB /* Products */;
			projectDirPath = "";
			projectRoot = "";
			targets = (
				8981243218884D2900DB955B /* iTransmission */,
				7471DCFA126F27A200CB0653 /* IPA */,
				3A887B851D14F41D0041327D /* Cydia Package */,
			);
		};
/* End PBXProject section */

/* Begin PBXResourcesBuildPhase section */
		8981243318884D2900DB955B /* Resources */ = {
			isa = PBXResourcesBuildPhase;
			buildActionMask = 2147483647;
			files = (
				3AD57F7D1EB6F9BA00A86F91 /* web-back.png in Resources */,
				3A9337E41EBA7AF000921B07 /* play_icon.png in Resources */,
				895A749718D9CB7E00561CD6 /* blueArrow@2x.png in Resources */,
				895A74F618D9CB8A00561CD6 /* FileListCell.xib in Resources */,
				895A74A118D9CB7E00561CD6 /* gear-icon@2x.png in Resources */,
				895A74A318D9CB7E00561CD6 /* grayArrow@2x.png in Resources */,
				3A7D2FB71D4D9CEE00876250 /* MoviePlayerImages.xcassets in Resources */,
				895A74F818D9CB8A00561CD6 /* TrackerCell.xib in Resources */,
				895A73A918D9CB6F00561CD6 /* bannerNotify.png in Resources */,
				23ACED151D04F99A00B76404 /* Launch Screen.storyboard in Resources */,
				895A749418D9CB7E00561CD6 /* blackArrow.png in Resources */,
				895A74A918D9CB7E00561CD6 /* whiteArrow.png in Resources */,
				895A74AA18D9CB7E00561CD6 /* whiteArrow@2x.png in Resources */,
				895A74F718D9CB8A00561CD6 /* TorrentCell.xib in Resources */,
				3AE8C5BA1D14DB98006B78A3 /* phone.mp3 in Resources */,
				895A74AB18D9CB7E00561CD6 /* YellowDot.png in Resources */,
				895A749318D9CB7E00561CD6 /* bandwidth-icon@2x.png in Resources */,
				895A73AB18D9CB6F00561CD6 /* bannerSuccess.png in Resources */,
				895A749618D9CB7E00561CD6 /* blueArrow.png in Resources */,
				895A74A218D9CB7E00561CD6 /* grayArrow.png in Resources */,
				895A74AC18D9CB7E00561CD6 /* magnet_ex in Resources */,
				895A74A618D9CB7E00561CD6 /* play_icon-ios7@2x.png in Resources */,
				895A749E18D9CB7E00561CD6 /* FavIcon.png in Resources */,
				895A74A818D9CB7E00561CD6 /* up-arrow.png in Resources */,
				3AD57F7F1EB7040300A86F91 /* web-close.png in Resources */,
				895A73A718D9CB6F00561CD6 /* bannerFailure.png in Resources */,
				895A74A718D9CB7E00561CD6 /* question-mark.png in Resources */,
				3AD57F811EB7B33400A86F91 /* Main_Storyboard.storyboard in Resources */,
				895A749D18D9CB7E00561CD6 /* down_arrow.png in Resources */,
				895A749218D9CB7E00561CD6 /* bandwidth-icon.png in Resources */,
				3A9337E51EBA7AF000921B07 /* pause_icon.png in Resources */,
				895A73A518D9CB6F00561CD6 /* bannerAlert.png in Resources */,
				895A74A018D9CB7E00561CD6 /* gear-icon.png in Resources */,
				895A749F18D9CB7E00561CD6 /* FavIcon@2x.png in Resources */,
				895A73AC18D9CB6F00561CD6 /* bannerSuccess@2x.png in Resources */,
				895A749918D9CB7E00561CD6 /* checkbox_checked.png in Resources */,
				895A749C18D9CB7E00561CD6 /* doneup.png in Resources */,
				895A73A618D9CB6F00561CD6 /* bannerAlert@2x.png in Resources */,
				895A73A818D9CB6F00561CD6 /* bannerFailure@2x.png in Resources */,
				895A749A18D9CB7E00561CD6 /* checkbox_unchecked.png in Resources */,
				895A749B18D9CB7E00561CD6 /* donedown.png in Resources */,
				895A73AA18D9CB6F00561CD6 /* bannerNotify@2x.png in Resources */,
				895A74AD18D9CB7E00561CD6 /* url_ex in Resources */,
				895A74A418D9CB7E00561CD6 /* GreenDot.png in Resources */,
				895A750718D9CF9B00561CD6 /* Images.xcassets in Resources */,
				77A4AB9022E5A83E0094AA7D /* Colors.xcassets in Resources */,
				895A749818D9CB7E00561CD6 /* cell-background.png in Resources */,
				895A749518D9CB7E00561CD6 /* blackArrow@2x.png in Resources */,
			);
			runOnlyForDeploymentPostprocessing = 0;
		};
/* End PBXResourcesBuildPhase section */

/* Begin PBXShellScriptBuildPhase section */
		3A887B8C1D14F4280041327D /* ShellScript */ = {
			isa = PBXShellScriptBuildPhase;
			buildActionMask = 2147483647;
			files = (
			);
			inputPaths = (
			);
			outputPaths = (
			);
			runOnlyForDeploymentPostprocessing = 0;
			shellPath = /bin/sh;
			shellScript = "/bin/mkdir -p $CONFIGURATION_BUILD_DIR/Applications\n/bin/cp -R $CONFIGURATION_BUILD_DIR/iTransmission.app $CONFIGURATION_BUILD_DIR/Applications\n/bin/cp -R DEBIAN $CONFIGURATION_BUILD_DIR\n/bin/rm -rf $CONFIGURATION_BUILD_DIR/iTransmission.app\n/bin/rm -rf $CONFIGURATION_BUILD_DIR/iTransmission.app.dSYM\n/bin/rm -rf $CONFIGURATION_BUILD_DIR/IJKMediaDemo.app\n/bin/rm -rf $CONFIGURATION_BUILD_DIR/IJKMediaDemo.app.dSYM\n/bin/rm -rf $CONFIGURATION_BUILD_DIR/IJKMediaFramework.framework\n/bin/rm -rf $CONFIGURATION_BUILD_DIR/Applications/iTransmission.app/AudioPlayer_iPad~ipad.nib\n/bin/rm -rf $CONFIGURATION_BUILD_DIR/Applications/iTransmission.app/AudioPlayer_iPad~iphone.nib\n/opt/local/bin/dpkg-deb -b -Zgzip $CONFIGURATION_BUILD_DIR\n/bin/cp -R $CONFIGURATION_BUILD_DIR/Applications/iTransmission.app $CONFIGURATION_BUILD_DIR/iTransmission.app";
			showEnvVarsInLog = 0;
		};
		7471DD03126F27D300CB0653 /* ShellScript */ = {
			isa = PBXShellScriptBuildPhase;
			buildActionMask = 2147483647;
			files = (
			);
			inputPaths = (
			);
			outputPaths = (
			);
			runOnlyForDeploymentPostprocessing = 0;
			shellPath = /bin/sh;
			shellScript = "/bin/mkdir -p $CONFIGURATION_BUILD_DIR/Payload\n/bin/cp -R $CONFIGURATION_BUILD_DIR/iTransmission.app $CONFIGURATION_BUILD_DIR/Payload\n/bin/cp Resources/itransmission-icon-large.png $CONFIGURATION_BUILD_DIR/iTunesArtwork\ncd $CONFIGURATION_BUILD_DIR\n/usr/bin/zip -r iTransmission.ipa Payload iTunesArtwork";
		};
/* End PBXShellScriptBuildPhase section */

/* Begin PBXSourcesBuildPhase section */
		8981246E18884D2900DB955B /* Sources */ = {
			isa = PBXSourcesBuildPhase;
			buildActionMask = 2147483647;
			files = (
				895A739518D9CB6F00561CD6 /* TrackerCell.m in Sources */,
				895A738F18D9CB6F00561CD6 /* NSDate+Helper.m in Sources */,
				895A739F18D9CB6F00561CD6 /* TrackersViewController.m in Sources */,
				895A739E18D9CB6F00561CD6 /* _TorrentViewController.m in Sources */,
				895A739918D9CB6F00561CD6 /* DetailViewController.m in Sources */,
				895A73AE18D9CB6F00561CD6 /* Torrent.m in Sources */,
				895A73B018D9CB6F00561CD6 /* FileListNode.m in Sources */,
				895A739A18D9CB6F00561CD6 /* FileListViewController.m in Sources */,
				770B53B022E5AC09007D889E /* FileListCell.swift in Sources */,
				7785DE1222E1D52F00B1A41F /* TorrentViewController.swift in Sources */,
				895A739218D9CB6F00561CD6 /* NSStringAdditions.m in Sources */,
				895A73AD18D9CB6F00561CD6 /* PortChecker.m in Sources */,
				895A739018D9CB6F00561CD6 /* NSDictionaryAdditions.m in Sources */,
				895A739118D9CB6F00561CD6 /* NSString+RelativePath.m in Sources */,
				895A73AF18D9CB6F00561CD6 /* TorrentFetcher.m in Sources */,
				895A74E218D9CB8500561CD6 /* main.m in Sources */,
				3A1C03B01D0CE2AE005EB2A5 /* ALAlertBanner.m in Sources */,
				3A7D2FC21D4EB6C500876250 /* AudioPlayer.m in Sources */,
				895A739C18D9CB6F00561CD6 /* PrefViewController.m in Sources */,
				895A739318D9CB6F00561CD6 /* TDBadgedCell.m in Sources */,
				895A73B118D9CB6F00561CD6 /* TrackerNode.m in Sources */,
				895A739818D9CB6F00561CD6 /* Controller.m in Sources */,
				895A73B418D9CB6F00561CD6 /* CheckboxControl.m in Sources */,
				895A73B618D9CB6F00561CD6 /* ControlButton.m in Sources */,
				7785DE1422E1DBE500B1A41F /* TorrentCell.swift in Sources */,
				895A739618D9CB6F00561CD6 /* PDColoredProgressView.m in Sources */,
				895A73B718D9CB6F00561CD6 /* TransparentClickArea.m in Sources */,
				3A1C03B11D0CE2AE005EB2A5 /* ALAlertBannerManager.m in Sources */,
				770B53B222E5AFAC007D889E /* FlexibleLabelCell.swift in Sources */,
				895A739718D9CB6F00561CD6 /* BandwidthController.m in Sources */,
				895A73B518D9CB6F00561CD6 /* ClipboardLabel.m in Sources */,
			);
			runOnlyForDeploymentPostprocessing = 0;
		};
/* End PBXSourcesBuildPhase section */

/* Begin PBXTargetDependency section */
		3A887B8B1D14F4230041327D /* PBXTargetDependency */ = {
			isa = PBXTargetDependency;
			target = 8981243218884D2900DB955B /* iTransmission */;
			targetProxy = 3A887B8A1D14F4230041327D /* PBXContainerItemProxy */;
		};
		AC00E8A418C4043D0084BBBA /* PBXTargetDependency */ = {
			isa = PBXTargetDependency;
			target = 8981243218884D2900DB955B /* iTransmission */;
			targetProxy = AC00E8A318C4043D0084BBBA /* PBXContainerItemProxy */;
		};
/* End PBXTargetDependency section */

/* Begin XCBuildConfiguration section */
		3A887B871D14F41D0041327D /* Debug */ = {
			isa = XCBuildConfiguration;
			buildSettings = {
				CLANG_ENABLE_OBJC_WEAK = YES;
				PRODUCT_NAME = "$(TARGET_NAME)";
			};
			name = Debug;
		};
		3A887B881D14F41D0041327D /* Release */ = {
			isa = XCBuildConfiguration;
			buildSettings = {
				CLANG_ENABLE_OBJC_WEAK = YES;
				PRODUCT_NAME = "$(TARGET_NAME)";
			};
			name = Release;
		};
		3A887B891D14F41D0041327D /* Distribution */ = {
			isa = XCBuildConfiguration;
			buildSettings = {
				CLANG_ENABLE_OBJC_WEAK = YES;
				PRODUCT_NAME = "$(TARGET_NAME)";
			};
			name = Distribution;
		};
		740E5F90129E6902008C61FF /* Distribution */ = {
			isa = XCBuildConfiguration;
			buildSettings = {
				ALWAYS_SEARCH_USER_PATHS = YES;
				CLANG_ANALYZER_LOCALIZABILITY_NONLOCALIZED = YES;
				CLANG_ENABLE_MODULES = YES;
				CLANG_ENABLE_OBJC_ARC = YES;
				CLANG_WARN_ASSIGN_ENUM = YES;
				CLANG_WARN_BLOCK_CAPTURE_AUTORELEASING = YES;
				CLANG_WARN_BOOL_CONVERSION = YES;
				CLANG_WARN_COMMA = YES;
				CLANG_WARN_CONSTANT_CONVERSION = YES;
				CLANG_WARN_DEPRECATED_OBJC_IMPLEMENTATIONS = YES;
				CLANG_WARN_EMPTY_BODY = YES;
				CLANG_WARN_ENUM_CONVERSION = YES;
				CLANG_WARN_FLOAT_CONVERSION = YES;
				CLANG_WARN_IMPLICIT_SIGN_CONVERSION = YES;
				CLANG_WARN_INFINITE_RECURSION = YES;
				CLANG_WARN_INT_CONVERSION = YES;
				CLANG_WARN_NON_LITERAL_NULL_CONVERSION = YES;
				CLANG_WARN_OBJC_EXPLICIT_OWNERSHIP_TYPE = YES;
				CLANG_WARN_OBJC_IMPLICIT_ATOMIC_PROPERTIES = YES;
				CLANG_WARN_OBJC_IMPLICIT_RETAIN_SELF = YES;
				CLANG_WARN_OBJC_INTERFACE_IVARS = YES;
				CLANG_WARN_OBJC_LITERAL_CONVERSION = YES;
				CLANG_WARN_OBJC_REPEATED_USE_OF_WEAK = YES;
				CLANG_WARN_QUOTED_INCLUDE_IN_FRAMEWORK_HEADER = YES;
				CLANG_WARN_RANGE_LOOP_ANALYSIS = YES;
				CLANG_WARN_SEMICOLON_BEFORE_METHOD_BODY = YES;
				CLANG_WARN_STRICT_PROTOTYPES = YES;
				CLANG_WARN_SUSPICIOUS_IMPLICIT_CONVERSION = YES;
				CLANG_WARN_SUSPICIOUS_MOVE = YES;
				CLANG_WARN_UNREACHABLE_CODE = YES;
				CLANG_WARN__DUPLICATE_METHOD_MATCH = YES;
				CLANG_WARN__EXIT_TIME_DESTRUCTORS = YES;
				ENABLE_STRICT_OBJC_MSGSEND = YES;
				GCC_INCREASE_PRECOMPILED_HEADER_SHARING = YES;
				GCC_NO_COMMON_BLOCKS = YES;
				GCC_STRICT_ALIASING = YES;
				GCC_TREAT_IMPLICIT_FUNCTION_DECLARATIONS_AS_ERRORS = YES;
				GCC_TREAT_INCOMPATIBLE_POINTER_TYPE_WARNINGS_AS_ERRORS = YES;
				GCC_VERSION = "";
				GCC_WARN_64_TO_32_BIT_CONVERSION = YES;
				GCC_WARN_ABOUT_MISSING_FIELD_INITIALIZERS = YES;
				GCC_WARN_ABOUT_MISSING_NEWLINE = YES;
				GCC_WARN_ABOUT_MISSING_PROTOTYPES = YES;
				GCC_WARN_ABOUT_RETURN_TYPE = YES;
				GCC_WARN_FOUR_CHARACTER_CONSTANTS = YES;
				GCC_WARN_HIDDEN_VIRTUAL_FUNCTIONS = YES;
				GCC_WARN_INITIALIZER_NOT_FULLY_BRACKETED = YES;
				GCC_WARN_NON_VIRTUAL_DESTRUCTOR = YES;
				GCC_WARN_SIGN_COMPARE = YES;
				GCC_WARN_STRICT_SELECTOR_MATCH = YES;
				GCC_WARN_UNDECLARED_SELECTOR = YES;
				GCC_WARN_UNINITIALIZED_AUTOS = YES;
				GCC_WARN_UNKNOWN_PRAGMAS = YES;
				GCC_WARN_UNUSED_FUNCTION = YES;
				GCC_WARN_UNUSED_LABEL = YES;
				GCC_WARN_UNUSED_VARIABLE = YES;
				IPHONEOS_DEPLOYMENT_TARGET = 13.0;
				OTHER_CFLAGS = "";
				RUN_CLANG_STATIC_ANALYZER = YES;
				SCAN_ALL_SOURCE_FILES_FOR_INCLUDES = YES;
				SDKROOT = iphoneos;
				SHARED_PRECOMPS_DIR = "";
				TARGETED_DEVICE_FAMILY = 1;
				USER_HEADER_SEARCH_PATHS = "\"$(SRCROOT)/Libraries/include/${CURRENT_ARCH}\"/**";
			};
			name = Distribution;
		};
		740E5F92129E6902008C61FF /* Distribution */ = {
			isa = XCBuildConfiguration;
			buildSettings = {
				CLANG_ENABLE_OBJC_WEAK = YES;
				CODE_SIGN_IDENTITY = "";
				"CODE_SIGN_IDENTITY[sdk=iphoneos*]" = "";
				COPY_PHASE_STRIP = YES;
				DEBUG_INFORMATION_FORMAT = "dwarf-with-dsym";
				GCC_THUMB_SUPPORT = NO;
				GCC_VERSION = "";
				ONLY_ACTIVE_ARCH = NO;
				PRODUCT_NAME = IPA;
				SDKROOT = iphoneos;
				VALID_ARCHS = "armv7 arm64";
				ZERO_LINK = NO;
			};
			name = Distribution;
		};
		7471DCFB126F27A200CB0653 /* Debug */ = {
			isa = XCBuildConfiguration;
			buildSettings = {
				CLANG_ENABLE_OBJC_WEAK = YES;
				CODE_SIGN_IDENTITY = "";
				"CODE_SIGN_IDENTITY[sdk=iphoneos*]" = "";
				COPY_PHASE_STRIP = NO;
				GCC_DYNAMIC_NO_PIC = NO;
				GCC_OPTIMIZATION_LEVEL = 0;
				GCC_THUMB_SUPPORT = NO;
				GCC_VERSION = "";
				ONLY_ACTIVE_ARCH = NO;
				PRODUCT_NAME = IPA;
				SDKROOT = iphoneos;
				VALID_ARCHS = "armv7 arm64";
			};
			name = Debug;
		};
		7471DCFC126F27A200CB0653 /* Release */ = {
			isa = XCBuildConfiguration;
			buildSettings = {
				CLANG_ENABLE_OBJC_WEAK = YES;
				CODE_SIGN_IDENTITY = "";
				"CODE_SIGN_IDENTITY[sdk=iphoneos*]" = "";
				COPY_PHASE_STRIP = YES;
				DEBUG_INFORMATION_FORMAT = "dwarf-with-dsym";
				GCC_THUMB_SUPPORT = NO;
				GCC_VERSION = "";
				ONLY_ACTIVE_ARCH = NO;
				PRODUCT_NAME = IPA;
				SDKROOT = iphoneos;
				VALID_ARCHS = "armv7 arm64";
				ZERO_LINK = NO;
			};
			name = Release;
		};
		898124B718884D2900DB955B /* Debug */ = {
			isa = XCBuildConfiguration;
			buildSettings = {
				ALWAYS_SEARCH_USER_PATHS = NO;
				ARCHS = arm64;
				ASSETCATALOG_COMPILER_APPICON_NAME = AppIcon;
				CLANG_ENABLE_MODULES = YES;
				CLANG_LINK_OBJC_RUNTIME = NO;
				CODE_SIGN_IDENTITY = "iPhone Developer";
				CODE_SIGN_STYLE = Automatic;
				COPY_PHASE_STRIP = NO;
				DEVELOPMENT_TEAM = F3L83SFX87;
				ENABLE_BITCODE = NO;
				FRAMEWORK_SEARCH_PATHS = (
					"$(inherited)",
					"$(PROJECT_DIR)/Source",
				);
				GCC_DYNAMIC_NO_PIC = NO;
				HEADER_SEARCH_PATHS = (
					"../Compilation/out/$(CURRENT_ARCH)/include/**",
					"$(inherited)",
				);
				INFOPLIST_FILE = "Other Sources/iTransmission-Info.plist";
				IPHONEOS_DEPLOYMENT_TARGET = 13.0;
				LD_RUNPATH_SEARCH_PATHS = "$(inherited) @executable_path/Frameworks";
				LIBRARY_SEARCH_PATHS = (
					"../Compilation/out/$(CURRENT_ARCH)/lib/**",
					"$(inherited)",
				);
				OTHER_LDFLAGS = (
					"-lb64",
					"-ltransmission",
					"-levent",
					"-lssl",
					"-lcrypto",
					"-lcurl",
					"-lz",
					"-lnatpmp",
					"-ldht",
					"-lminiupnp",
					"-liconv",
					"-lutp",
					"-ObjC",
					"$(inherited)",
				);
				PRODUCT_BUNDLE_IDENTIFIER = com.rollncode.itransmission2;
				PRODUCT_NAME = iTransmission;
				PROVISIONING_PROFILE_SPECIFIER = "";
				SHARED_PRECOMPS_DIR = "";
				SWIFT_OBJC_BRIDGING_HEADER = "Source/Controllers/iTransmission-Bridging-Header.h";
				SWIFT_OPTIMIZATION_LEVEL = "-Onone";
				SWIFT_VERSION = 5.0;
				TARGETED_DEVICE_FAMILY = "1,2";
				USER_HEADER_SEARCH_PATHS = "../Compilation/out/$(CURRENT_ARCH)/include/**";
				VALID_ARCHS = "arm64 arm64e";
			};
			name = Debug;
		};
		898124B818884D2900DB955B /* Release */ = {
			isa = XCBuildConfiguration;
			buildSettings = {
				ALWAYS_SEARCH_USER_PATHS = NO;
				ARCHS = arm64;
				ASSETCATALOG_COMPILER_APPICON_NAME = AppIcon;
				CLANG_ENABLE_MODULES = YES;
				CLANG_LINK_OBJC_RUNTIME = NO;
				CODE_SIGN_IDENTITY = "iPhone Developer";
				CODE_SIGN_STYLE = Automatic;
				COPY_PHASE_STRIP = YES;
				DEVELOPMENT_TEAM = F3L83SFX87;
				ENABLE_BITCODE = NO;
				FRAMEWORK_SEARCH_PATHS = (
					"$(inherited)",
					"$(PROJECT_DIR)/Source",
				);
				HEADER_SEARCH_PATHS = (
					"../Compilation/out/$(CURRENT_ARCH)/include/**",
					"$(inherited)",
				);
				INFOPLIST_FILE = "Other Sources/iTransmission-Info.plist";
				IPHONEOS_DEPLOYMENT_TARGET = 13.0;
				LD_RUNPATH_SEARCH_PATHS = "$(inherited) @executable_path/Frameworks";
				LIBRARY_SEARCH_PATHS = (
					"../Compilation/out/$(CURRENT_ARCH)/lib/**",
					"$(inherited)",
				);
				OTHER_LDFLAGS = (
					"-lb64",
					"-ltransmission",
					"-levent",
					"-lssl",
					"-lcrypto",
					"-lcurl",
					"-lz",
					"-lnatpmp",
					"-ldht",
					"-lminiupnp",
					"-liconv",
					"-lutp",
					"-ObjC",
					"$(inherited)",
				);
				PRODUCT_BUNDLE_IDENTIFIER = com.rollncode.itransmission2;
				PRODUCT_NAME = iTransmission;
				PROVISIONING_PROFILE_SPECIFIER = "";
				SHARED_PRECOMPS_DIR = "";
				SWIFT_OBJC_BRIDGING_HEADER = "Source/Controllers/iTransmission-Bridging-Header.h";
				SWIFT_VERSION = 5.0;
				TARGETED_DEVICE_FAMILY = "1,2";
				USER_HEADER_SEARCH_PATHS = "../Compilation/out/$(CURRENT_ARCH)/include/**";
				VALIDATE_PRODUCT = YES;
				VALID_ARCHS = "arm64 arm64e";
			};
			name = Release;
		};
		898124B918884D2900DB955B /* Distribution */ = {
			isa = XCBuildConfiguration;
			buildSettings = {
				ALWAYS_SEARCH_USER_PATHS = NO;
				ARCHS = arm64;
				ASSETCATALOG_COMPILER_APPICON_NAME = AppIcon;
				CLANG_ENABLE_MODULES = YES;
				CLANG_LINK_OBJC_RUNTIME = NO;
				CODE_SIGN_IDENTITY = "iPhone Developer";
				CODE_SIGN_STYLE = Automatic;
				COPY_PHASE_STRIP = YES;
				DEVELOPMENT_TEAM = F3L83SFX87;
				ENABLE_BITCODE = NO;
				FRAMEWORK_SEARCH_PATHS = (
					"$(inherited)",
					"$(PROJECT_DIR)/Source",
				);
				HEADER_SEARCH_PATHS = (
					"../Compilation/out/$(CURRENT_ARCH)/include/**",
					"$(inherited)",
				);
				INFOPLIST_FILE = "Other Sources/iTransmission-Info.plist";
				IPHONEOS_DEPLOYMENT_TARGET = 13.0;
				LD_RUNPATH_SEARCH_PATHS = "$(inherited) @executable_path/Frameworks";
				LIBRARY_SEARCH_PATHS = (
					"../Compilation/out/$(CURRENT_ARCH)/lib/**",
					"$(inherited)",
				);
				OTHER_LDFLAGS = (
					"-lb64",
					"-ltransmission",
					"-levent",
					"-lssl",
					"-lcrypto",
					"-lcurl",
					"-lz",
					"-lnatpmp",
					"-ldht",
					"-lminiupnp",
					"-liconv",
					"-lutp",
					"-ObjC",
					"$(inherited)",
				);
				PRODUCT_BUNDLE_IDENTIFIER = com.rollncode.itransmission2;
				PRODUCT_NAME = iTransmission;
				PROVISIONING_PROFILE_SPECIFIER = "";
				SHARED_PRECOMPS_DIR = "";
				SWIFT_OBJC_BRIDGING_HEADER = "Source/Controllers/iTransmission-Bridging-Header.h";
				SWIFT_VERSION = 5.0;
				TARGETED_DEVICE_FAMILY = "1,2";
				USER_HEADER_SEARCH_PATHS = "../Compilation/out/$(CURRENT_ARCH)/include/**";
				VALIDATE_PRODUCT = YES;
				VALID_ARCHS = "arm64 arm64e";
			};
			name = Distribution;
		};
		C01FCF4F08A954540054247B /* Debug */ = {
			isa = XCBuildConfiguration;
			buildSettings = {
				ALWAYS_SEARCH_USER_PATHS = YES;
				CLANG_ANALYZER_LOCALIZABILITY_NONLOCALIZED = YES;
				CLANG_ENABLE_MODULES = YES;
				CLANG_ENABLE_OBJC_ARC = YES;
				CLANG_WARN_ASSIGN_ENUM = YES;
				CLANG_WARN_BLOCK_CAPTURE_AUTORELEASING = YES;
				CLANG_WARN_BOOL_CONVERSION = YES;
				CLANG_WARN_COMMA = YES;
				CLANG_WARN_CONSTANT_CONVERSION = YES;
				CLANG_WARN_DEPRECATED_OBJC_IMPLEMENTATIONS = YES;
				CLANG_WARN_EMPTY_BODY = YES;
				CLANG_WARN_ENUM_CONVERSION = YES;
				CLANG_WARN_FLOAT_CONVERSION = YES;
				CLANG_WARN_IMPLICIT_SIGN_CONVERSION = YES;
				CLANG_WARN_INFINITE_RECURSION = YES;
				CLANG_WARN_INT_CONVERSION = YES;
				CLANG_WARN_NON_LITERAL_NULL_CONVERSION = YES;
				CLANG_WARN_OBJC_EXPLICIT_OWNERSHIP_TYPE = YES;
				CLANG_WARN_OBJC_IMPLICIT_ATOMIC_PROPERTIES = YES;
				CLANG_WARN_OBJC_IMPLICIT_RETAIN_SELF = YES;
				CLANG_WARN_OBJC_INTERFACE_IVARS = YES;
				CLANG_WARN_OBJC_LITERAL_CONVERSION = YES;
				CLANG_WARN_OBJC_REPEATED_USE_OF_WEAK = YES;
				CLANG_WARN_QUOTED_INCLUDE_IN_FRAMEWORK_HEADER = YES;
				CLANG_WARN_RANGE_LOOP_ANALYSIS = YES;
				CLANG_WARN_SEMICOLON_BEFORE_METHOD_BODY = YES;
				CLANG_WARN_STRICT_PROTOTYPES = YES;
				CLANG_WARN_SUSPICIOUS_IMPLICIT_CONVERSION = YES;
				CLANG_WARN_SUSPICIOUS_MOVE = YES;
				CLANG_WARN_UNREACHABLE_CODE = YES;
				CLANG_WARN__DUPLICATE_METHOD_MATCH = YES;
				CLANG_WARN__EXIT_TIME_DESTRUCTORS = YES;
				COPY_PHASE_STRIP = NO;
				ENABLE_STRICT_OBJC_MSGSEND = YES;
				ENABLE_TESTABILITY = YES;
				GCC_INCREASE_PRECOMPILED_HEADER_SHARING = YES;
				GCC_NO_COMMON_BLOCKS = YES;
				GCC_OPTIMIZATION_LEVEL = 0;
				GCC_STRICT_ALIASING = YES;
				GCC_TREAT_IMPLICIT_FUNCTION_DECLARATIONS_AS_ERRORS = YES;
				GCC_TREAT_INCOMPATIBLE_POINTER_TYPE_WARNINGS_AS_ERRORS = YES;
				GCC_VERSION = "";
				GCC_WARN_64_TO_32_BIT_CONVERSION = YES;
				GCC_WARN_ABOUT_MISSING_FIELD_INITIALIZERS = YES;
				GCC_WARN_ABOUT_MISSING_NEWLINE = YES;
				GCC_WARN_ABOUT_MISSING_PROTOTYPES = YES;
				GCC_WARN_ABOUT_RETURN_TYPE = YES;
				GCC_WARN_FOUR_CHARACTER_CONSTANTS = YES;
				GCC_WARN_HIDDEN_VIRTUAL_FUNCTIONS = YES;
				GCC_WARN_INITIALIZER_NOT_FULLY_BRACKETED = YES;
				GCC_WARN_NON_VIRTUAL_DESTRUCTOR = YES;
				GCC_WARN_SIGN_COMPARE = YES;
				GCC_WARN_STRICT_SELECTOR_MATCH = YES;
				GCC_WARN_UNDECLARED_SELECTOR = YES;
				GCC_WARN_UNINITIALIZED_AUTOS = YES;
				GCC_WARN_UNKNOWN_PRAGMAS = YES;
				GCC_WARN_UNUSED_FUNCTION = YES;
				GCC_WARN_UNUSED_LABEL = YES;
				GCC_WARN_UNUSED_VARIABLE = YES;
				IPHONEOS_DEPLOYMENT_TARGET = 13.0;
				ONLY_ACTIVE_ARCH = YES;
				OTHER_CFLAGS = "";
				RUN_CLANG_STATIC_ANALYZER = YES;
				SCAN_ALL_SOURCE_FILES_FOR_INCLUDES = YES;
				SDKROOT = iphoneos;
				SHARED_PRECOMPS_DIR = "";
				TARGETED_DEVICE_FAMILY = 1;
				USER_HEADER_SEARCH_PATHS = "\"$(SRCROOT)/Libraries/include/${CURRENT_ARCH}\"/**";
			};
			name = Debug;
		};
		C01FCF5008A954540054247B /* Release */ = {
			isa = XCBuildConfiguration;
			buildSettings = {
				ALWAYS_SEARCH_USER_PATHS = YES;
				CLANG_ANALYZER_LOCALIZABILITY_NONLOCALIZED = YES;
				CLANG_ENABLE_MODULES = YES;
				CLANG_ENABLE_OBJC_ARC = YES;
				CLANG_WARN_ASSIGN_ENUM = YES;
				CLANG_WARN_BLOCK_CAPTURE_AUTORELEASING = YES;
				CLANG_WARN_BOOL_CONVERSION = YES;
				CLANG_WARN_COMMA = YES;
				CLANG_WARN_CONSTANT_CONVERSION = YES;
				CLANG_WARN_DEPRECATED_OBJC_IMPLEMENTATIONS = YES;
				CLANG_WARN_EMPTY_BODY = YES;
				CLANG_WARN_ENUM_CONVERSION = YES;
				CLANG_WARN_FLOAT_CONVERSION = YES;
				CLANG_WARN_IMPLICIT_SIGN_CONVERSION = YES;
				CLANG_WARN_INFINITE_RECURSION = YES;
				CLANG_WARN_INT_CONVERSION = YES;
				CLANG_WARN_NON_LITERAL_NULL_CONVERSION = YES;
				CLANG_WARN_OBJC_EXPLICIT_OWNERSHIP_TYPE = YES;
				CLANG_WARN_OBJC_IMPLICIT_ATOMIC_PROPERTIES = YES;
				CLANG_WARN_OBJC_IMPLICIT_RETAIN_SELF = YES;
				CLANG_WARN_OBJC_INTERFACE_IVARS = YES;
				CLANG_WARN_OBJC_LITERAL_CONVERSION = YES;
				CLANG_WARN_OBJC_REPEATED_USE_OF_WEAK = YES;
				CLANG_WARN_QUOTED_INCLUDE_IN_FRAMEWORK_HEADER = YES;
				CLANG_WARN_RANGE_LOOP_ANALYSIS = YES;
				CLANG_WARN_SEMICOLON_BEFORE_METHOD_BODY = YES;
				CLANG_WARN_STRICT_PROTOTYPES = YES;
				CLANG_WARN_SUSPICIOUS_IMPLICIT_CONVERSION = YES;
				CLANG_WARN_SUSPICIOUS_MOVE = YES;
				CLANG_WARN_UNREACHABLE_CODE = YES;
				CLANG_WARN__DUPLICATE_METHOD_MATCH = YES;
				CLANG_WARN__EXIT_TIME_DESTRUCTORS = YES;
				ENABLE_STRICT_OBJC_MSGSEND = YES;
				GCC_INCREASE_PRECOMPILED_HEADER_SHARING = YES;
				GCC_NO_COMMON_BLOCKS = YES;
				GCC_STRICT_ALIASING = YES;
				GCC_TREAT_IMPLICIT_FUNCTION_DECLARATIONS_AS_ERRORS = YES;
				GCC_TREAT_INCOMPATIBLE_POINTER_TYPE_WARNINGS_AS_ERRORS = YES;
				GCC_VERSION = "";
				GCC_WARN_64_TO_32_BIT_CONVERSION = YES;
				GCC_WARN_ABOUT_MISSING_FIELD_INITIALIZERS = YES;
				GCC_WARN_ABOUT_MISSING_NEWLINE = YES;
				GCC_WARN_ABOUT_MISSING_PROTOTYPES = YES;
				GCC_WARN_ABOUT_RETURN_TYPE = YES;
				GCC_WARN_FOUR_CHARACTER_CONSTANTS = YES;
				GCC_WARN_HIDDEN_VIRTUAL_FUNCTIONS = YES;
				GCC_WARN_INITIALIZER_NOT_FULLY_BRACKETED = YES;
				GCC_WARN_NON_VIRTUAL_DESTRUCTOR = YES;
				GCC_WARN_SIGN_COMPARE = YES;
				GCC_WARN_STRICT_SELECTOR_MATCH = YES;
				GCC_WARN_UNDECLARED_SELECTOR = YES;
				GCC_WARN_UNINITIALIZED_AUTOS = YES;
				GCC_WARN_UNKNOWN_PRAGMAS = YES;
				GCC_WARN_UNUSED_FUNCTION = YES;
				GCC_WARN_UNUSED_LABEL = YES;
				GCC_WARN_UNUSED_VARIABLE = YES;
				IPHONEOS_DEPLOYMENT_TARGET = 13.0;
				OTHER_CFLAGS = "";
				RUN_CLANG_STATIC_ANALYZER = YES;
				SCAN_ALL_SOURCE_FILES_FOR_INCLUDES = YES;
				SDKROOT = iphoneos;
				SHARED_PRECOMPS_DIR = "";
				TARGETED_DEVICE_FAMILY = 1;
				USER_HEADER_SEARCH_PATHS = "\"$(SRCROOT)/Libraries/include/${CURRENT_ARCH}\"/**";
				VALIDATE_PRODUCT = YES;
			};
			name = Release;
		};
/* End XCBuildConfiguration section */

/* Begin XCConfigurationList section */
		3A887B861D14F41D0041327D /* Build configuration list for PBXAggregateTarget "Cydia Package" */ = {
			isa = XCConfigurationList;
			buildConfigurations = (
				3A887B871D14F41D0041327D /* Debug */,
				3A887B881D14F41D0041327D /* Release */,
				3A887B891D14F41D0041327D /* Distribution */,
			);
			defaultConfigurationIsVisible = 0;
			defaultConfigurationName = Release;
		};
		7471DCFE126F27A400CB0653 /* Build configuration list for PBXAggregateTarget "IPA" */ = {
			isa = XCConfigurationList;
			buildConfigurations = (
				7471DCFB126F27A200CB0653 /* Debug */,
				7471DCFC126F27A200CB0653 /* Release */,
				740E5F92129E6902008C61FF /* Distribution */,
			);
			defaultConfigurationIsVisible = 0;
			defaultConfigurationName = Release;
		};
		898124B618884D2900DB955B /* Build configuration list for PBXNativeTarget "iTransmission" */ = {
			isa = XCConfigurationList;
			buildConfigurations = (
				898124B718884D2900DB955B /* Debug */,
				898124B818884D2900DB955B /* Release */,
				898124B918884D2900DB955B /* Distribution */,
			);
			defaultConfigurationIsVisible = 0;
			defaultConfigurationName = Release;
		};
		C01FCF4E08A954540054247B /* Build configuration list for PBXProject "iTransmission" */ = {
			isa = XCConfigurationList;
			buildConfigurations = (
				C01FCF4F08A954540054247B /* Debug */,
				C01FCF5008A954540054247B /* Release */,
				740E5F90129E6902008C61FF /* Distribution */,
			);
			defaultConfigurationIsVisible = 0;
			defaultConfigurationName = Release;
		};
/* End XCConfigurationList section */
	};
	rootObject = 29B97313FDCFA39411CA2CEA /* Project object */;
}
