// !$*UTF8*$!
{
	archiveVersion = 1;
	classes = {
	};
	objectVersion = 50;
	objects = {

/* Begin PBXBuildFile section */
		776D957E22E9B202004986BD /* AppDelegate.swift in Sources */ = {isa = PBXBuildFile; fileRef = 776D957D22E9B202004986BD /* AppDelegate.swift */; };
		776D958022E9B202004986BD /* SceneDelegate.swift in Sources */ = {isa = PBXBuildFile; fileRef = 776D957F22E9B202004986BD /* SceneDelegate.swift */; };
		776D958222E9B202004986BD /* ContentView.swift in Sources */ = {isa = PBXBuildFile; fileRef = 776D958122E9B202004986BD /* ContentView.swift */; };
		776D958422E9B204004986BD /* Assets.xcassets in Resources */ = {isa = PBXBuildFile; fileRef = 776D958322E9B204004986BD /* Assets.xcassets */; };
		776D958722E9B204004986BD /* Preview Assets.xcassets in Resources */ = {isa = PBXBuildFile; fileRef = 776D958622E9B204004986BD /* Preview Assets.xcassets */; };
		776D958A22E9B204004986BD /* LaunchScreen.storyboard in Resources */ = {isa = PBXBuildFile; fileRef = 776D958822E9B204004986BD /* LaunchScreen.storyboard */; };
/* End PBXBuildFile section */

/* Begin PBXFileReference section */
		776D957A22E9B202004986BD /* Transmission.app */ = {isa = PBXFileReference; explicitFileType = wrapper.application; includeInIndex = 0; path = Transmission.app; sourceTree = BUILT_PRODUCTS_DIR; };
		776D957D22E9B202004986BD /* AppDelegate.swift */ = {isa = PBXFileReference; lastKnownFileType = sourcecode.swift; path = AppDelegate.swift; sourceTree = "<group>"; };
		776D957F22E9B202004986BD /* SceneDelegate.swift */ = {isa = PBXFileReference; lastKnownFileType = sourcecode.swift; path = SceneDelegate.swift; sourceTree = "<group>"; };
		776D958122E9B202004986BD /* ContentView.swift */ = {isa = PBXFileReference; lastKnownFileType = sourcecode.swift; path = ContentView.swift; sourceTree = "<group>"; };
		776D958322E9B204004986BD /* Assets.xcassets */ = {isa = PBXFileReference; lastKnownFileType = folder.assetcatalog; path = Assets.xcassets; sourceTree = "<group>"; };
		776D958622E9B204004986BD /* Preview Assets.xcassets */ = {isa = PBXFileReference; lastKnownFileType = folder.assetcatalog; path = "Preview Assets.xcassets"; sourceTree = "<group>"; };
		776D958922E9B204004986BD /* Base */ = {isa = PBXFileReference; lastKnownFileType = file.storyboard; name = Base; path = Base.lproj/LaunchScreen.storyboard; sourceTree = "<group>"; };
		776D958B22E9B204004986BD /* Info.plist */ = {isa = PBXFileReference; lastKnownFileType = text.plist.xml; path = Info.plist; sourceTree = "<group>"; };
/* End PBXFileReference section */

/* Begin PBXFrameworksBuildPhase section */
		776D957722E9B202004986BD /* Frameworks */ = {
			isa = PBXFrameworksBuildPhase;
			buildActionMask = 2147483647;
			files = (
			);
			runOnlyForDeploymentPostprocessing = 0;
		};
/* End PBXFrameworksBuildPhase section */

/* Begin PBXGroup section */
		776D957122E9B202004986BD = {
			isa = PBXGroup;
			children = (
				776D957C22E9B202004986BD /* Transmission */,
				776D957B22E9B202004986BD /* Products */,
			);
			sourceTree = "<group>";
		};
		776D957B22E9B202004986BD /* Products */ = {
			isa = PBXGroup;
			children = (
				776D957A22E9B202004986BD /* Transmission.app */,
			);
			name = Products;
			sourceTree = "<group>";
		};
		776D957C22E9B202004986BD /* Transmission */ = {
			isa = PBXGroup;
			children = (
				776D957D22E9B202004986BD /* AppDelegate.swift */,
				776D957F22E9B202004986BD /* SceneDelegate.swift */,
				776D958122E9B202004986BD /* ContentView.swift */,
				776D958322E9B204004986BD /* Assets.xcassets */,
				776D958822E9B204004986BD /* LaunchScreen.storyboard */,
				776D958B22E9B204004986BD /* Info.plist */,
				776D958522E9B204004986BD /* Preview Content */,
			);
			path = Transmission;
			sourceTree = "<group>";
		};
		776D958522E9B204004986BD /* Preview Content */ = {
			isa = PBXGroup;
			children = (
				776D958622E9B204004986BD /* Preview Assets.xcassets */,
			);
			path = "Preview Content";
			sourceTree = "<group>";
		};
/* End PBXGroup section */

/* Begin PBXNativeTarget section */
		776D957922E9B202004986BD /* Transmission */ = {
			isa = PBXNativeTarget;
			buildConfigurationList = 776D958E22E9B204004986BD /* Build configuration list for PBXNativeTarget "Transmission" */;
			buildPhases = (
				776D957622E9B202004986BD /* Sources */,
				776D957722E9B202004986BD /* Frameworks */,
				776D957822E9B202004986BD /* Resources */,
			);
			buildRules = (
			);
			dependencies = (
			);
			name = Transmission;
			productName = Transmission;
			productReference = 776D957A22E9B202004986BD /* Transmission.app */;
			productType = "com.apple.product-type.application";
		};
/* End PBXNativeTarget section */

/* Begin PBXProject section */
		776D957222E9B202004986BD /* Project object */ = {
			isa = PBXProject;
			attributes = {
				LastSwiftUpdateCheck = 1100;
				LastUpgradeCheck = 1100;
				ORGANIZATIONNAME = "Roll'n'Code";
				TargetAttributes = {
					776D957922E9B202004986BD = {
						CreatedOnToolsVersion = 11.0;
					};
				};
			};
			buildConfigurationList = 776D957522E9B202004986BD /* Build configuration list for PBXProject "Transmission" */;
			compatibilityVersion = "Xcode 9.3";
			developmentRegion = en;
			hasScannedForEncodings = 0;
			knownRegions = (
				en,
				Base,
			);
			mainGroup = 776D957122E9B202004986BD;
			productRefGroup = 776D957B22E9B202004986BD /* Products */;
			projectDirPath = "";
			projectRoot = "";
			targets = (
				776D957922E9B202004986BD /* Transmission */,
			);
		};
/* End PBXProject section */

/* Begin PBXResourcesBuildPhase section */
		776D957822E9B202004986BD /* Resources */ = {
			isa = PBXResourcesBuildPhase;
			buildActionMask = 2147483647;
			files = (
				776D958A22E9B204004986BD /* LaunchScreen.storyboard in Resources */,
				776D958722E9B204004986BD /* Preview Assets.xcassets in Resources */,
				776D958422E9B204004986BD /* Assets.xcassets in Resources */,
			);
			runOnlyForDeploymentPostprocessing = 0;
		};
/* End PBXResourcesBuildPhase section */

/* Begin PBXSourcesBuildPhase section */
		776D957622E9B202004986BD /* Sources */ = {
			isa = PBXSourcesBuildPhase;
			buildActionMask = 2147483647;
			files = (
				776D957E22E9B202004986BD /* AppDelegate.swift in Sources */,
				776D958022E9B202004986BD /* SceneDelegate.swift in Sources */,
				776D958222E9B202004986BD /* ContentView.swift in Sources */,
			);
			runOnlyForDeploymentPostprocessing = 0;
		};
/* End PBXSourcesBuildPhase section */

/* Begin PBXVariantGroup section */
		776D958822E9B204004986BD /* LaunchScreen.storyboard */ = {
			isa = PBXVariantGroup;
			children = (
				776D958922E9B204004986BD /* Base */,
			);
			name = LaunchScreen.storyboard;
			sourceTree = "<group>";
		};
/* End PBXVariantGroup section */

/* Begin XCBuildConfiguration section */
		776D958C22E9B204004986BD /* Debug */ = {
			isa = XCBuildConfiguration;
			buildSettings = {
				ALWAYS_SEARCH_USER_PATHS = NO;
				ARCHS = arm64;
				CLANG_ANALYZER_NONNULL = YES;
				CLANG_ANALYZER_NUMBER_OBJECT_CONVERSION = YES_AGGRESSIVE;
				CLANG_CXX_LANGUAGE_STANDARD = "gnu++14";
				CLANG_CXX_LIBRARY = "libc++";
				CLANG_ENABLE_MODULES = YES;
				CLANG_ENABLE_OBJC_ARC = YES;
				CLANG_ENABLE_OBJC_WEAK = YES;
				CLANG_WARN_BLOCK_CAPTURE_AUTORELEASING = YES;
				CLANG_WARN_BOOL_CONVERSION = YES;
				CLANG_WARN_COMMA = YES;
				CLANG_WARN_CONSTANT_CONVERSION = YES;
				CLANG_WARN_DEPRECATED_OBJC_IMPLEMENTATIONS = YES;
				CLANG_WARN_DIRECT_OBJC_ISA_USAGE = YES_ERROR;
				CLANG_WARN_DOCUMENTATION_COMMENTS = YES;
				CLANG_WARN_EMPTY_BODY = YES;
				CLANG_WARN_ENUM_CONVERSION = YES;
				CLANG_WARN_INFINITE_RECURSION = YES;
				CLANG_WARN_INT_CONVERSION = YES;
				CLANG_WARN_NON_LITERAL_NULL_CONVERSION = YES;
				CLANG_WARN_OBJC_IMPLICIT_RETAIN_SELF = YES;
				CLANG_WARN_OBJC_LITERAL_CONVERSION = YES;
				CLANG_WARN_OBJC_ROOT_CLASS = YES_ERROR;
				CLANG_WARN_RANGE_LOOP_ANALYSIS = YES;
				CLANG_WARN_STRICT_PROTOTYPES = YES;
				CLANG_WARN_SUSPICIOUS_MOVE = YES;
				CLANG_WARN_UNGUARDED_AVAILABILITY = YES_AGGRESSIVE;
				CLANG_WARN_UNREACHABLE_CODE = YES;
				CLANG_WARN__DUPLICATE_METHOD_MATCH = YES;
				COPY_PHASE_STRIP = NO;
				DEBUG_INFORMATION_FORMAT = "dwarf-with-dsym";
				ENABLE_STRICT_OBJC_MSGSEND = YES;
				ENABLE_TESTABILITY = YES;
				GCC_C_LANGUAGE_STANDARD = gnu11;
				GCC_DYNAMIC_NO_PIC = NO;
				GCC_NO_COMMON_BLOCKS = YES;
				GCC_OPTIMIZATION_LEVEL = 0;
				GCC_PREPROCESSOR_DEFINITIONS = (
					"DEBUG=1",
					"$(inherited)",
				);
				GCC_WARN_64_TO_32_BIT_CONVERSION = YES;
				GCC_WARN_ABOUT_RETURN_TYPE = YES_ERROR;
				GCC_WARN_UNDECLARED_SELECTOR = YES;
				GCC_WARN_UNINITIALIZED_AUTOS = YES_AGGRESSIVE;
				GCC_WARN_UNUSED_FUNCTION = YES;
				GCC_WARN_UNUSED_VARIABLE = YES;
				IPHONEOS_DEPLOYMENT_TARGET = 13.0;
				MTL_ENABLE_DEBUG_INFO = INCLUDE_SOURCE;
				MTL_FAST_MATH = YES;
				ONLY_ACTIVE_ARCH = YES;
				SDKROOT = iphoneos;
				SWIFT_ACTIVE_COMPILATION_CONDITIONS = DEBUG;
				SWIFT_OPTIMIZATION_LEVEL = "-Onone";
			};
			name = Debug;
		};
		776D958D22E9B204004986BD /* Release */ = {
			isa = XCBuildConfiguration;
			buildSettings = {
				ALWAYS_SEARCH_USER_PATHS = NO;
				ARCHS = arm64;
				CLANG_ANALYZER_NONNULL = YES;
				CLANG_ANALYZER_NUMBER_OBJECT_CONVERSION = YES_AGGRESSIVE;
				CLANG_CXX_LANGUAGE_STANDARD = "gnu++14";
				CLANG_CXX_LIBRARY = "libc++";
				CLANG_ENABLE_MODULES = YES;
				CLANG_ENABLE_OBJC_ARC = YES;
				CLANG_ENABLE_OBJC_WEAK = YES;
				CLANG_WARN_BLOCK_CAPTURE_AUTORELEASING = YES;
				CLANG_WARN_BOOL_CONVERSION = YES;
				CLANG_WARN_COMMA = YES;
				CLANG_WARN_CONSTANT_CONVERSION = YES;
				CLANG_WARN_DEPRECATED_OBJC_IMPLEMENTATIONS = YES;
				CLANG_WARN_DIRECT_OBJC_ISA_USAGE = YES_ERROR;
				CLANG_WARN_DOCUMENTATION_COMMENTS = YES;
				CLANG_WARN_EMPTY_BODY = YES;
				CLANG_WARN_ENUM_CONVERSION = YES;
				CLANG_WARN_INFINITE_RECURSION = YES;
				CLANG_WARN_INT_CONVERSION = YES;
				CLANG_WARN_NON_LITERAL_NULL_CONVERSION = YES;
				CLANG_WARN_OBJC_IMPLICIT_RETAIN_SELF = YES;
				CLANG_WARN_OBJC_LITERAL_CONVERSION = YES;
				CLANG_WARN_OBJC_ROOT_CLASS = YES_ERROR;
				CLANG_WARN_RANGE_LOOP_ANALYSIS = YES;
				CLANG_WARN_STRICT_PROTOTYPES = YES;
				CLANG_WARN_SUSPICIOUS_MOVE = YES;
				CLANG_WARN_UNGUARDED_AVAILABILITY = YES_AGGRESSIVE;
				CLANG_WARN_UNREACHABLE_CODE = YES;
				CLANG_WARN__DUPLICATE_METHOD_MATCH = YES;
				COPY_PHASE_STRIP = NO;
				DEBUG_INFORMATION_FORMAT = "dwarf-with-dsym";
				ENABLE_NS_ASSERTIONS = NO;
				ENABLE_STRICT_OBJC_MSGSEND = YES;
				GCC_C_LANGUAGE_STANDARD = gnu11;
				GCC_NO_COMMON_BLOCKS = YES;
				GCC_WARN_64_TO_32_BIT_CONVERSION = YES;
				GCC_WARN_ABOUT_RETURN_TYPE = YES_ERROR;
				GCC_WARN_UNDECLARED_SELECTOR = YES;
				GCC_WARN_UNINITIALIZED_AUTOS = YES_AGGRESSIVE;
				GCC_WARN_UNUSED_FUNCTION = YES;
				GCC_WARN_UNUSED_VARIABLE = YES;
				IPHONEOS_DEPLOYMENT_TARGET = 13.0;
				MTL_ENABLE_DEBUG_INFO = NO;
				MTL_FAST_MATH = YES;
				SDKROOT = iphoneos;
				SWIFT_COMPILATION_MODE = wholemodule;
				SWIFT_OPTIMIZATION_LEVEL = "-O";
				VALIDATE_PRODUCT = YES;
			};
			name = Release;
		};
		776D958F22E9B204004986BD /* Debug */ = {
			isa = XCBuildConfiguration;
			buildSettings = {
				ASSETCATALOG_COMPILER_APPICON_NAME = AppIcon;
				CODE_SIGN_STYLE = Automatic;
				DEVELOPMENT_ASSET_PATHS = "Transmission/Preview\\ Content";
				DEVELOPMENT_TEAM = F3L83SFX87;
				ENABLE_BITCODE = NO;
				ENABLE_PREVIEWS = YES;
				FRAMEWORK_SEARCH_PATHS = "";
				HEADER_SEARCH_PATHS = (
					"$(inherited)",
					"../Compilation/out/$(CURRENT_ARCH)/include/**",
				);
				INFOPLIST_FILE = Transmission/Info.plist;
				LD_RUNPATH_SEARCH_PATHS = (
					"$(inherited)",
					"@executable_path/Frameworks",
				);
				LIBRARY_SEARCH_PATHS = (
					"$(inherited)",
					"../Compilation/out/$(CURRENT_ARCH)/lib/**",
				);
				OTHER_LDFLAGS = (
					"-lb64",
					"-ltransmission",
					"-levent",
					"-lssl",
					"-lcrypto",
					"-lcurl",
					"-lz",
					"-lnatpmp",
					"-ldht",
					"-lminiupnp",
					"-liconv",
					"-lutp",
					"-ObjC",
					"$(inherited)",
				);
				PRODUCT_BUNDLE_IDENTIFIER = com.rollncode.Transmission;
				PRODUCT_NAME = "$(TARGET_NAME)";
				SWIFT_VERSION = 5.0;
				TARGETED_DEVICE_FAMILY = "1,2";
				USER_HEADER_SEARCH_PATHS = (
					"$(inherited)",
					"../Compilation/out/$(CURRENT_ARCH)/include/**",
				);
			};
			name = Debug;
		};
		776D959022E9B204004986BD /* Release */ = {
			isa = XCBuildConfiguration;
			buildSettings = {
				ASSETCATALOG_COMPILER_APPICON_NAME = AppIcon;
				CODE_SIGN_STYLE = Automatic;
				DEVELOPMENT_ASSET_PATHS = "Transmission/Preview\\ Content";
				DEVELOPMENT_TEAM = F3L83SFX87;
				ENABLE_BITCODE = NO;
				ENABLE_PREVIEWS = YES;
				FRAMEWORK_SEARCH_PATHS = "";
				HEADER_SEARCH_PATHS = (
					"$(inherited)",
					"../Compilation/out/$(CURRENT_ARCH)/include/**",
				);
				INFOPLIST_FILE = Transmission/Info.plist;
				LD_RUNPATH_SEARCH_PATHS = (
					"$(inherited)",
					"@executable_path/Frameworks",
				);
				LIBRARY_SEARCH_PATHS = (
					"$(inherited)",
					"../Compilation/out/$(CURRENT_ARCH)/lib/**",
				);
				OTHER_LDFLAGS = (
					"-lb64",
					"-ltransmission",
					"-levent",
					"-lssl",
					"-lcrypto",
					"-lcurl",
					"-lz",
					"-lnatpmp",
					"-ldht",
					"-lminiupnp",
					"-liconv",
					"-lutp",
					"-ObjC",
					"$(inherited)",
				);
				PRODUCT_BUNDLE_IDENTIFIER = com.rollncode.Transmission;
				PRODUCT_NAME = "$(TARGET_NAME)";
				SWIFT_VERSION = 5.0;
				TARGETED_DEVICE_FAMILY = "1,2";
				USER_HEADER_SEARCH_PATHS = (
					"$(inherited)",
					"../Compilation/out/$(CURRENT_ARCH)/include/**",
				);
			};
			name = Release;
		};
/* End XCBuildConfiguration section */

/* Begin XCConfigurationList section */
		776D957522E9B202004986BD /* Build configuration list for PBXProject "Transmission" */ = {
			isa = XCConfigurationList;
			buildConfigurations = (
				776D958C22E9B204004986BD /* Debug */,
				776D958D22E9B204004986BD /* Release */,
			);
			defaultConfigurationIsVisible = 0;
			defaultConfigurationName = Release;
		};
		776D958E22E9B204004986BD /* Build configuration list for PBXNativeTarget "Transmission" */ = {
			isa = XCConfigurationList;
			buildConfigurations = (
				776D958F22E9B204004986BD /* Debug */,
				776D959022E9B204004986BD /* Release */,
			);
			defaultConfigurationIsVisible = 0;
			defaultConfigurationName = Release;
		};
/* End XCConfigurationList section */
	};
	rootObject = 776D957222E9B202004986BD /* Project object */;
}
